{
	"archiveVersion": "1",
	"classes": {},
	"objectVersion": "54",
	"objects": {
		"00CAAAB7-DAC5-4735-AE4A-E7A348325F4F": {
			"explicitFileType": "sourcecode.c.h",
			"fileEncoding": "4",
			"isa": "PBXFileReference",
			"name": "ofxSlider.h",
			"path": "../../addons/ofxGui/src/ofxSlider.h",
			"sourceTree": "SOURCE_ROOT"
		},
		"02B7A3E0-A073-4C00-9902-4B0C23E7B9BF": {
			"explicitFileType": "sourcecode.cpp.cpp",
			"fileEncoding": "4",
			"isa": "PBXFileReference",
			"name": "DefaultTheme.cpp",
			"path": "../../addons/ofxImGui/src/DefaultTheme.cpp",
			"sourceTree": "SOURCE_ROOT"
		},
		"06A32174-6C07-4AAF-B377-EBE5F8B44A19": {
			"explicitFileType": "sourcecode.c.h",
			"fileEncoding": "4",
			"isa": "PBXFileReference",
			"name": "fast_atof.h",
			"path": "../../addons/ofxAssimpModelLoader/libs/assimp/include/assimp/fast_atof.h",
			"sourceTree": "SOURCE_ROOT"
		},
		"07C98EAC-73A8-4702-A142-8F2171F9B9E6": {
			"explicitFileType": "sourcecode.c.h",
			"fileEncoding": "4",
			"isa": "PBXFileReference",
			"name": "XMLTools.h",
			"path": "../../addons/ofxAssimpModelLoader/libs/assimp/include/assimp/XMLTools.h",
			"sourceTree": "SOURCE_ROOT"
		},
		"085B6636-8B2D-4362-8B69-1B4890E73D30": {
			"explicitFileType": "sourcecode.cpp.cpp",
			"fileEncoding": "4",
			"isa": "PBXFileReference",
			"name": "ofxColorPicker.cpp",
			"path": "../../addons/ofxGui/src/ofxColorPicker.cpp",
			"sourceTree": "SOURCE_ROOT"
		},
		"094ECD26-EEEC-4E4E-A226-0B7086DDD67A": {
			"explicitFileType": "sourcecode.c.h",
			"fileEncoding": "4",
			"isa": "PBXFileReference",
			"name": "renderer.h",
			"path": "src/renderer/renderer.h",
			"sourceTree": "SOURCE_ROOT"
		},
		"0A7B36D4-3A68-404A-9970-B87CC1A68245": {
			"explicitFileType": "sourcecode.c.h",
			"fileEncoding": "4",
			"isa": "PBXFileReference",
			"name": "MathFunctions.h",
			"path": "../../addons/ofxAssimpModelLoader/libs/assimp/include/assimp/MathFunctions.h",
			"sourceTree": "SOURCE_ROOT"
		},
		"0B3C5D92-4654-4C63-9CA2-E3AB3CF3F437": {
			"explicitFileType": "sourcecode.cpp.cpp",
			"fileEncoding": "4",
			"isa": "PBXFileReference",
			"name": "PrimitiveScene.cpp",
			"path": "src/renderer/scenes/PrimitiveScene.cpp",
			"sourceTree": "SOURCE_ROOT"
		},
		"0DAE0293-9606-4F1F-8568-06C87213AB7F": {
			"explicitFileType": "sourcecode.c.h",
			"fileEncoding": "4",
			"isa": "PBXFileReference",
			"name": "GltfMaterial.h",
			"path": "../../addons/ofxAssimpModelLoader/libs/assimp/include/assimp/GltfMaterial.h",
			"sourceTree": "SOURCE_ROOT"
		},
		"0FECE348-44FA-4A66-9A89-0DF21E35FA49": {
			"fileRef": "756CB71A-1B4F-4476-90AC-9CD96A2FBF09",
			"isa": "PBXBuildFile"
		},
		"1437B21C-699D-40DA-940D-994F662B56C8": {
			"explicitFileType": "sourcecode.c.h",
			"fileEncoding": "4",
			"isa": "PBXFileReference",
			"name": "ofxSliderGroup.h",
			"path": "../../addons/ofxGui/src/ofxSliderGroup.h",
			"sourceTree": "SOURCE_ROOT"
		},
		"151A5AAF-8B67-4DF8-8924-79453F69E633": {
			"fileRef": "275CC3B3-4355-4D6F-AC1A-48C3FC15EDD6",
			"isa": "PBXBuildFile"
		},
		"15E34B85-645E-4620-877D-6A90D555CA86": {
			"children": [
				"7C78EEC9-74A3-4BCB-9E7F-A3E4DF49EF68",
				"D2402018-7083-42EF-935C-07622F0AD4EA",
				"094ECD26-EEEC-4E4E-A226-0B7086DDD67A",
				"E93BFD2A-2C41-4C21-9926-4F0D0A5A5830"
			],
			"isa": "PBXGroup",
			"name": "renderer",
			"path": "src/renderer",
			"sourceTree": "SOURCE_ROOT"
		},
		"191CD6FA2847E21E0085CBB6": {
			"fileEncoding": "4",
			"isa": "PBXFileReference",
			"lastKnownFileType": "text.plist.entitlements",
			"path": "of.entitlements",
			"sourceTree": "<group>"
		},
		"191EF70929D778A400F35F26": {
			"isa": "PBXFileReference",
			"lastKnownFileType": "folder",
			"name": "openFrameworks",
			"path": "../../libs/openFrameworks",
			"sourceTree": "SOURCE_ROOT"
		},
		"1991E933-18AF-4755-9119-F9CA49BCE9EC": {
			"explicitFileType": "sourcecode.c.h",
			"fileEncoding": "4",
			"isa": "PBXFileReference",
			"name": "EngineGLFW.h",
			"path": "../../addons/ofxImGui/src/EngineGLFW.h",
			"sourceTree": "SOURCE_ROOT"
		},
		"19B789C429E5AB4A0082E9B8": {
			"buildActionMask": "2147483647",
			"files": [],
			"inputFileListPaths": [],
			"inputPaths": [],
			"isa": "PBXShellScriptBuildPhase",
			"outputFileListPaths": [],
			"outputPaths": [],
			"runOnlyForDeploymentPostprocessing": "0",
			"shellPath": "/bin/sh",
			"shellScript": "\"$OF_PATH/scripts/osx/xcode_project.sh\"\n",
			"showEnvVarsInLog": "0"
		},
		"1C69BAB6-5E46-4AC8-B6C2-CBEF128981E0": {
			"explicitFileType": "sourcecode.c.h",
			"fileEncoding": "4",
			"isa": "PBXFileReference",
			"name": "gles1CompatibilityHacks.h",
			"path": "../../addons/ofxImGui/src/gles1CompatibilityHacks.h",
			"sourceTree": "SOURCE_ROOT"
		},
		"1D466A93-B6CA-467E-96AF-68E541123197": {
			"fileRef": "2AECBEE4-0B3C-4F19-BE0A-C7C699DA44CC",
			"isa": "PBXBuildFile"
		},
		"1D62F0EF-F0F0-4299-A32B-CB3633A18A8E": {
			"explicitFileType": "sourcecode.cpp.cpp",
			"fileEncoding": "4",
			"isa": "PBXFileReference",
			"name": "ofxSlider.cpp",
			"path": "../../addons/ofxGui/src/ofxSlider.cpp",
			"sourceTree": "SOURCE_ROOT"
		},
		"205D9B70-3DCA-4466-B66D-2AF7F29313E6": {
			"children": [
				"ED2F2079-F77B-4326-BC65-ED72F5812F00"
			],
			"isa": "PBXGroup",
			"name": "opengl",
			"path": "src/opengl",
			"sourceTree": "SOURCE_ROOT"
		},
		"20DD185D-C81E-4E0B-80BA-23A0F7236C7E": {
			"explicitFileType": "sourcecode.c.h",
			"fileEncoding": "4",
			"isa": "PBXFileReference",
			"name": "quaternion.h",
			"path": "../../addons/ofxAssimpModelLoader/libs/assimp/include/assimp/quaternion.h",
			"sourceTree": "SOURCE_ROOT"
		},
		"2185415C-C937-484A-91CD-9264AE662487": {
			"explicitFileType": "sourcecode.c.h",
			"fileEncoding": "4",
			"isa": "PBXFileReference",
			"name": "Subdivision.h",
			"path": "../../addons/ofxAssimpModelLoader/libs/assimp/include/assimp/Subdivision.h",
			"sourceTree": "SOURCE_ROOT"
		},
		"275CC3B3-4355-4D6F-AC1A-48C3FC15EDD6": {
			"explicitFileType": "sourcecode.cpp.cpp",
			"fileEncoding": "4",
			"isa": "PBXFileReference",
			"name": "imgui_widgets.cpp",
			"path": "../../addons/ofxImGui/libs/imgui/src/imgui_widgets.cpp",
			"sourceTree": "SOURCE_ROOT"
		},
		"2AECBEE4-0B3C-4F19-BE0A-C7C699DA44CC": {
			"explicitFileType": "sourcecode.cpp.cpp",
			"fileEncoding": "4",
			"isa": "PBXFileReference",
			"name": "EngineOpenGLES.cpp",
			"path": "../../addons/ofxImGui/src/EngineOpenGLES.cpp",
			"sourceTree": "SOURCE_ROOT"
		},
		"2AF9AC7F-D494-42F8-BF54-46C509EC1E0C": {
			"explicitFileType": "sourcecode.c.h",
			"fileEncoding": "4",
			"isa": "PBXFileReference",
			"name": "ai_assert.h",
			"path": "../../addons/ofxAssimpModelLoader/libs/assimp/include/assimp/ai_assert.h",
			"sourceTree": "SOURCE_ROOT"
		},
		"2CABA0B2-0A7E-4E0D-84F0-0D5BA2AF42B3": {
			"fileRef": "94727671-EB21-4955-B91A-C793EAFFFADE",
			"isa": "PBXBuildFile"
		},
		"2CD1DB03-7454-4006-BFFA-08B7E924C8D9": {
			"explicitFileType": "sourcecode.cpp.cpp",
			"fileEncoding": "4",
			"isa": "PBXFileReference",
			"name": "ofxInputField.cpp",
			"path": "../../addons/ofxGui/src/ofxInputField.cpp",
			"sourceTree": "SOURCE_ROOT"
		},
		"2ED100CE-8187-4A5F-AC6D-846DD8F8E5EE": {
			"explicitFileType": "sourcecode.c.h",
			"fileEncoding": "4",
			"isa": "PBXFileReference",
			"name": "BlobIOSystem.h",
			"path": "../../addons/ofxAssimpModelLoader/libs/assimp/include/assimp/BlobIOSystem.h",
			"sourceTree": "SOURCE_ROOT"
		},
		"2F226BCB-81B8-4B56-AAE3-6CBDB7ADA98A": {
			"fileRef": "D911D9B0-7ABE-4C08-8CB4-E2DCE1EC0587",
			"isa": "PBXBuildFile"
		},
		"2F888ED8-4FD7-44AC-99F8-C1702D840BC9": {
			"fileRef": "83F47841-314D-414C-BC45-43AA658569C8",
			"isa": "PBXBuildFile"
		},
		"3233B0BE-36BB-45F1-B9CC-B3356B43E65C": {
			"fileRef": "EE819375-8382-45C9-8C87-38A0DBF40398",
			"isa": "PBXBuildFile"
		},
		"346014FC-C278-4FFA-A0D9-8F5BF6F89187": {
			"explicitFileType": "sourcecode.c.h",
			"fileEncoding": "4",
			"isa": "PBXFileReference",
			"name": "Bitmap.h",
			"path": "../../addons/ofxAssimpModelLoader/libs/assimp/include/assimp/Bitmap.h",
			"sourceTree": "SOURCE_ROOT"
		},
		"34D5D323-BC3C-4427-B58F-C0E46B4C8D1A": {
			"explicitFileType": "sourcecode.c.h",
			"fileEncoding": "4",
			"isa": "PBXFileReference",
			"name": "StandardShapes.h",
			"path": "../../addons/ofxAssimpModelLoader/libs/assimp/include/assimp/StandardShapes.h",
			"sourceTree": "SOURCE_ROOT"
		},
		"352AC99D-A159-4A87-AF4D-5B5F545A0DC0": {
			"fileRef": "5F959A13-21EA-4FB9-8556-7A1DF11D75AA",
			"isa": "PBXBuildFile"
		},
		"381516D0-7729-4F18-AED5-BD0721AE0F77": {
			"explicitFileType": "sourcecode.c.h",
			"fileEncoding": "4",
			"isa": "PBXFileReference",
			"name": "Importer.hpp",
			"path": "../../addons/ofxAssimpModelLoader/libs/assimp/include/assimp/Importer.hpp",
			"sourceTree": "SOURCE_ROOT"
		},
		"3A073B0A-6B3F-4642-B002-4959F32C5928": {
			"explicitFileType": "sourcecode.c.h",
			"fileEncoding": "4",
			"isa": "PBXFileReference",
			"name": "poppack1.h",
			"path": "../../addons/ofxAssimpModelLoader/libs/assimp/include/assimp/Compiler/poppack1.h",
			"sourceTree": "SOURCE_ROOT"
		},
		"3A2290EF-51D8-402D-BA3D-C18F8DFE32E9": {
			"explicitFileType": "sourcecode.c.h",
			"fileEncoding": "4",
			"isa": "PBXFileReference",
			"name": "SceneCombiner.h",
			"path": "../../addons/ofxAssimpModelLoader/libs/assimp/include/assimp/SceneCombiner.h",
			"sourceTree": "SOURCE_ROOT"
		},
		"3A74C11F-CF26-4F33-B92D-0F98648400EB": {
			"fileRef": "085B6636-8B2D-4362-8B69-1B4890E73D30",
			"isa": "PBXBuildFile"
		},
		"3AFAED02-6924-4049-B6BE-8606A01D3B09": {
			"fileRef": "1D62F0EF-F0F0-4299-A32B-CB3633A18A8E",
			"isa": "PBXBuildFile"
		},
		"3B58C471-52D7-4168-825B-30FE6C98FD90": {
			"explicitFileType": "sourcecode.cpp.cpp",
			"fileEncoding": "4",
			"isa": "PBXFileReference",
			"name": "ofxAssimpModelLoader.cpp",
			"path": "../../addons/ofxAssimpModelLoader/src/ofxAssimpModelLoader.cpp",
			"sourceTree": "SOURCE_ROOT"
		},
		"3C140B17-903B-4413-A7A3-3B84E8768CF6": {
			"fileRef": "02B7A3E0-A073-4C00-9902-4B0C23E7B9BF",
			"isa": "PBXBuildFile"
		},
		"3C3C2722-5D25-479B-A8C1-CE99B317465B": {
			"explicitFileType": "sourcecode.c.h",
			"fileEncoding": "4",
			"isa": "PBXFileReference",
			"name": "cfileio.h",
			"path": "../../addons/ofxAssimpModelLoader/libs/assimp/include/assimp/cfileio.h",
			"sourceTree": "SOURCE_ROOT"
		},
		"3CCC0C93-05F6-4AF6-96B0-90C33B6C02A9": {
			"explicitFileType": "sourcecode.c.h",
			"fileEncoding": "4",
			"isa": "PBXFileReference",
			"name": "Exporter.hpp",
			"path": "../../addons/ofxAssimpModelLoader/libs/assimp/include/assimp/Exporter.hpp",
			"sourceTree": "SOURCE_ROOT"
		},
		"3D701767-77D8-4412-B10D-4B01F21ED8DD": {
			"explicitFileType": "sourcecode.c.h",
			"fileEncoding": "4",
			"isa": "PBXFileReference",
			"name": "color4.h",
			"path": "../../addons/ofxAssimpModelLoader/libs/assimp/include/assimp/color4.h",
			"sourceTree": "SOURCE_ROOT"
		},
		"3EBA3904-A2D1-417A-9DAB-47212801FCC2": {
			"explicitFileType": "sourcecode.c.h",
			"fileEncoding": "4",
			"isa": "PBXFileReference",
			"name": "ImportImageScene.h",
			"path": "src/renderer/scenes/ImportImageScene.h",
			"sourceTree": "SOURCE_ROOT"
		},
		"41642AB3-BEBD-41F0-936B-697993984C77": {
			"explicitFileType": "sourcecode.cpp.cpp",
			"fileEncoding": "4",
			"isa": "PBXFileReference",
			"name": "ImportImageScene.cpp",
			"path": "src/renderer/scenes/ImportImageScene.cpp",
			"sourceTree": "SOURCE_ROOT"
		},
		"42227921-31BE-4104-B794-9AF8CEF96FA1": {
			"explicitFileType": "sourcecode.c.h",
			"fileEncoding": "4",
			"isa": "PBXFileReference",
			"name": "anim.h",
			"path": "../../addons/ofxAssimpModelLoader/libs/assimp/include/assimp/anim.h",
			"sourceTree": "SOURCE_ROOT"
		},
		"427B68AC-0F19-45B7-87C3-3392BB9845EA": {
			"explicitFileType": "sourcecode.c.h",
			"fileEncoding": "4",
			"isa": "PBXFileReference",
			"name": "ofxButton.h",
			"path": "../../addons/ofxGui/src/ofxButton.h",
			"sourceTree": "SOURCE_ROOT"
		},
		"43AD891E-86C2-4A64-8F2C-2EC5D9B6B309": {
			"explicitFileType": "sourcecode.c.h",
			"fileEncoding": "4",
			"isa": "PBXFileReference",
			"name": "LinkedList.hpp",
			"path": "../../addons/ofxImGui/src/LinkedList.hpp",
			"sourceTree": "SOURCE_ROOT"
		},
		"43DEFFE2-844D-41D9-9D81-B844D6B016DC": {
			"fileRef": "2CD1DB03-7454-4006-BFFA-08B7E924C8D9",
			"isa": "PBXBuildFile"
		},
		"43FDAB38-D51E-486E-AFDF-09B741E603D6": {
			"explicitFileType": "sourcecode.c.h",
			"fileEncoding": "4",
			"isa": "PBXFileReference",
			"name": "metadata.h",
			"path": "../../addons/ofxAssimpModelLoader/libs/assimp/include/assimp/metadata.h",
			"sourceTree": "SOURCE_ROOT"
		},
		"465535BC-A371-4F58-A47D-EBCCB897422C": {
			"explicitFileType": "sourcecode.c.h",
			"fileEncoding": "4",
			"isa": "PBXFileReference",
			"name": "material.h",
			"path": "../../addons/ofxAssimpModelLoader/libs/assimp/include/assimp/material.h",
			"sourceTree": "SOURCE_ROOT"
		},
		"465736D5-A15B-4D9B-960D-6FDA428D92EC": {
			"explicitFileType": "sourcecode.cpp.cpp",
			"fileEncoding": "4",
			"isa": "PBXFileReference",
			"name": "Scenes.cpp",
			"path": "src/renderer/scenes/Scenes.cpp",
			"sourceTree": "SOURCE_ROOT"
		},
		"4668C296-3ACD-4125-9286-D76FD9A0F7F5": {
			"explicitFileType": "sourcecode.c.h",
			"fileEncoding": "4",
			"isa": "PBXFileReference",
			"name": "SpatialSort.h",
			"path": "../../addons/ofxAssimpModelLoader/libs/assimp/include/assimp/SpatialSort.h",
			"sourceTree": "SOURCE_ROOT"
		},
		"47C2E9B5-99E9-44CB-9542-BC75D538B6BC": {
			"explicitFileType": "sourcecode.c.h",
			"fileEncoding": "4",
			"isa": "PBXFileReference",
			"name": "StringUtils.h",
			"path": "../../addons/ofxAssimpModelLoader/libs/assimp/include/assimp/StringUtils.h",
			"sourceTree": "SOURCE_ROOT"
		},
		"49C9AA9D-8ECB-49E9-90ED-D37AE2305195": {
			"explicitFileType": "sourcecode.c.h",
			"fileEncoding": "4",
			"isa": "PBXFileReference",
			"name": "pushpack1.h",
			"path": "../../addons/ofxAssimpModelLoader/libs/assimp/include/assimp/Compiler/pushpack1.h",
			"sourceTree": "SOURCE_ROOT"
		},
		"4A249677-8E06-4A59-A444-1CA51ADF93F4": {
			"explicitFileType": "sourcecode.c.h",
			"fileEncoding": "4",
			"isa": "PBXFileReference",
			"name": "imgui_impl_opengl3_loader.h",
			"path": "../../addons/ofxImGui/libs/imgui/backends/imgui_impl_opengl3_loader.h",
			"sourceTree": "SOURCE_ROOT"
		},
		"4A2D5597-90F4-4AA1-A9A9-5A50361A5BEE": {
			"explicitFileType": "sourcecode.c.h",
			"fileEncoding": "4",
			"isa": "PBXFileReference",
			"name": "camera.h",
			"path": "../../addons/ofxAssimpModelLoader/libs/assimp/include/assimp/camera.h",
			"sourceTree": "SOURCE_ROOT"
		},
		"4B22F59F-9255-4569-A901-4E7C9CE914C2": {
			"explicitFileType": "sourcecode.c.h",
			"fileEncoding": "4",
			"isa": "PBXFileReference",
			"name": "imgui_internal.h",
			"path": "../../addons/ofxImGui/libs/imgui/src/imgui_internal.h",
			"sourceTree": "SOURCE_ROOT"
		},
		"4B363DEB-9F8E-415D-9FD5-AC60CC86E5FD": {
			"explicitFileType": "sourcecode.c.h",
			"fileEncoding": "4",
			"isa": "PBXFileReference",
			"name": "imgui_impl_glfw_arc_support.h",
			"path": "../../addons/ofxImGui/libs/imgui/backends/imgui_impl_glfw_arc_support.h",
			"sourceTree": "SOURCE_ROOT"
		},
		"4BFD27C7-A9BA-4991-9086-0FD17624B552": {
			"explicitFileType": "sourcecode.c.h",
			"fileEncoding": "4",
			"isa": "PBXFileReference",
			"name": "ofxGuiUtils.h",
			"path": "../../addons/ofxGui/src/ofxGuiUtils.h",
			"sourceTree": "SOURCE_ROOT"
		},
		"4C9BCBE9-DB6A-48B9-8FF3-5DA85921DDEC": {
			"fileRef": "77273BAC-2DC0-4E72-A305-47674D4B020E",
			"isa": "PBXBuildFile"
		},
		"4CEAF141-25A2-4099-8A58-0036634996DD": {
			"explicitFileType": "sourcecode.c.h",
			"fileEncoding": "4",
			"isa": "PBXFileReference",
			"name": "ofxToggle.h",
			"path": "../../addons/ofxGui/src/ofxToggle.h",
			"sourceTree": "SOURCE_ROOT"
		},
		"4CF9437C-881F-437C-AC12-576580F10FF2": {
			"fileRef": "F3966F09-B5DA-42DA-B267-39DE545D49F5",
			"isa": "PBXBuildFile"
		},
		"4D1014D8-A044-44F0-91A5-D8B30BEA1862": {
			"children": [
				"77273BAC-2DC0-4E72-A305-47674D4B020E",
				"9E5FB4FA-10FC-48DD-B0D8-121B0AE01622"
			],
			"isa": "PBXGroup",
			"name": "application",
			"path": "src/application",
			"sourceTree": "SOURCE_ROOT"
		},
		"4DDF708B-302F-4863-A786-F625C470D62F": {
			"children": [
				"A6AAD16C-CF55-4570-A600-5BA9DB2502A8",
				"59B9159D-A44B-499D-AC13-179B9807DE7A",
				"EE819375-8382-45C9-8C87-38A0DBF40398",
				"FE3539F8-FDC7-4F8F-9D4D-F3C485FFC3C4",
				"3B58C471-52D7-4168-825B-30FE6C98FD90",
				"C165048A-EA7A-4E06-A236-2036F7C052A0",
				"756CB71A-1B4F-4476-90AC-9CD96A2FBF09",
				"C609AC48-0FEE-4077-8881-54B85D18F39B",
				"E20B8733-F4AD-49ED-8269-11D6ACEDB77F"
			],
			"isa": "PBXGroup",
			"name": "src",
			"sourceTree": "SOURCE_ROOT"
		},
		"4E61F5CB-BF90-4B91-8FD6-51490E11EEBB": {
			"children": [
				"701F0DC3-2883-4EAF-B9CE-9C96EAF83D33"
			],
			"isa": "PBXGroup",
			"name": "libs",
			"sourceTree": "SOURCE_ROOT"
		},
		"4FD34F51-F252-41C8-81F8-5A19043C03A8": {
			"explicitFileType": "sourcecode.c.h",
			"fileEncoding": "4",
			"isa": "PBXFileReference",
			"name": "qnan.h",
			"path": "../../addons/ofxAssimpModelLoader/libs/assimp/include/assimp/qnan.h",
			"sourceTree": "SOURCE_ROOT"
		},
		"525288A3-4E08-44CC-838F-76657A225F32": {
			"explicitFileType": "sourcecode.c.h",
			"fileEncoding": "4",
			"isa": "PBXFileReference",
			"name": "commonMetaData.h",
			"path": "../../addons/ofxAssimpModelLoader/libs/assimp/include/assimp/commonMetaData.h",
			"sourceTree": "SOURCE_ROOT"
		},
		"5501AD96-0A2A-4D45-A374-DCC9E0312B62": {
			"fileRef": "E5996976-A110-4195-AA2F-695D6B02A9C1",
			"isa": "PBXBuildFile"
		},
		"573EA23B-A359-49E3-AC26-753DB297BDF3": {
			"explicitFileType": "sourcecode.c.h",
			"fileEncoding": "4",
			"isa": "PBXFileReference",
			"name": "SmoothingGroups.h",
			"path": "../../addons/ofxAssimpModelLoader/libs/assimp/include/assimp/SmoothingGroups.h",
			"sourceTree": "SOURCE_ROOT"
		},
		"57894B54-B3F4-40D3-B4ED-57D4C07CCA6A": {
			"children": [
				"86CCA8DA-E442-4901-A661-703F880759A8",
				"F7597145-9659-46FB-95AC-7725492E9EC9"
			],
			"isa": "PBXGroup",
			"name": "AndroidJNI",
			"sourceTree": "SOURCE_ROOT"
		},
		"59B9159D-A44B-499D-AC13-179B9807DE7A": {
			"explicitFileType": "sourcecode.c.h",
			"fileEncoding": "4",
			"isa": "PBXFileReference",
			"name": "ofxAssimpAnimation.h",
			"path": "../../addons/ofxAssimpModelLoader/src/ofxAssimpAnimation.h",
			"sourceTree": "SOURCE_ROOT"
		},
		"5A7606FD-366E-4AB7-ADDA-3BDD18376482": {
			"explicitFileType": "sourcecode.c.h",
			"fileEncoding": "4",
			"isa": "PBXFileReference",
			"name": "SGSpatialSort.h",
			"path": "../../addons/ofxAssimpModelLoader/libs/assimp/include/assimp/SGSpatialSort.h",
			"sourceTree": "SOURCE_ROOT"
		},
		"5CAD6DAB-2533-4A98-80E7-DD796F85FEF9": {
			"explicitFileType": "sourcecode.c.h",
			"fileEncoding": "4",
			"isa": "PBXFileReference",
			"name": "ofxBaseGui.h",
			"path": "../../addons/ofxGui/src/ofxBaseGui.h",
			"sourceTree": "SOURCE_ROOT"
		},
		"5DE68BFE-61D3-4182-8D42-110F34F5B426": {
			"explicitFileType": "sourcecode.c.h",
			"fileEncoding": "4",
			"isa": "PBXFileReference",
			"name": "Vertex.h",
			"path": "../../addons/ofxAssimpModelLoader/libs/assimp/include/assimp/Vertex.h",
			"sourceTree": "SOURCE_ROOT"
		},
		"5E39F454-D81D-470E-927A-46D2E032ACA2": {
			"explicitFileType": "sourcecode.cpp.cpp",
			"fileEncoding": "4",
			"isa": "PBXFileReference",
			"name": "imgui_demo.cpp",
			"path": "../../addons/ofxImGui/libs/imgui/src/imgui_demo.cpp",
			"sourceTree": "SOURCE_ROOT"
		},
		"5E5A70FA-7906-4458-A46C-233C69D298AE": {
			"explicitFileType": "sourcecode.cpp.cpp",
			"fileEncoding": "4",
			"isa": "PBXFileReference",
			"name": "ImHelpers.cpp",
			"path": "../../addons/ofxImGui/src/ImHelpers.cpp",
			"sourceTree": "SOURCE_ROOT"
		},
		"5F211E18-5F2C-40BA-98A0-8D4DE4A32F46": {
			"explicitFileType": "sourcecode.c.h",
			"fileEncoding": "4",
			"isa": "PBXFileReference",
			"name": "texture.h",
			"path": "../../addons/ofxAssimpModelLoader/libs/assimp/include/assimp/texture.h",
			"sourceTree": "SOURCE_ROOT"
		},
		"5F61ACEA-E041-4979-8DC5-4789AED59695": {
			"explicitFileType": "sourcecode.c.h",
			"fileEncoding": "4",
			"isa": "PBXFileReference",
			"name": "ZipArchiveIOSystem.h",
			"path": "../../addons/ofxAssimpModelLoader/libs/assimp/include/assimp/ZipArchiveIOSystem.h",
			"sourceTree": "SOURCE_ROOT"
		},
		"5F959A13-21EA-4FB9-8556-7A1DF11D75AA": {
			"explicitFileType": "sourcecode.cpp.cpp",
			"fileEncoding": "4",
			"isa": "PBXFileReference",
			"name": "imgui_tables.cpp",
			"path": "../../addons/ofxImGui/libs/imgui/src/imgui_tables.cpp",
			"sourceTree": "SOURCE_ROOT"
		},
		"5FD38952-B14D-43A7-B071-25A7A77C7534": {
			"children": [
				"94727671-EB21-4955-B91A-C793EAFFFADE",
				"82F919B5-C678-4039-8D46-5E7AB1041180",
				"5E39F454-D81D-470E-927A-46D2E032ACA2",
				"E5996976-A110-4195-AA2F-695D6B02A9C1",
				"4B22F59F-9255-4569-A901-4E7C9CE914C2",
				"5F959A13-21EA-4FB9-8556-7A1DF11D75AA",
				"275CC3B3-4355-4D6F-AC1A-48C3FC15EDD6",
				"C3AC7BE6-1EB9-44C4-A016-EFB525F0D19B",
				"F6ED4E25-979E-491A-992B-29FBD863B177",
				"C96DF0A7-5FEE-49C4-AC5E-E84CD840E6E0"
			],
			"isa": "PBXGroup",
			"name": "src",
			"sourceTree": "SOURCE_ROOT"
		},
		"621E63B3-4FC2-4D21-9379-57B53C24F031": {
			"fileRef": "3B58C471-52D7-4168-825B-30FE6C98FD90",
			"isa": "PBXBuildFile"
		},
		"622F7131-CF51-4D97-A647-D0501DFFF1C7": {
			"explicitFileType": "sourcecode.cpp.cpp",
			"fileEncoding": "4",
			"isa": "PBXFileReference",
			"name": "ofxImGuiLoggerChannel.cpp",
			"path": "../../addons/ofxImGui/src/ofxImGuiLoggerChannel.cpp",
			"sourceTree": "SOURCE_ROOT"
		},
		"62312145-5C46-440C-A2DB-5FBDBED9F0A9": {
			"explicitFileType": "sourcecode.c.h",
			"fileEncoding": "4",
			"isa": "PBXFileReference",
			"name": "defs.h",
			"path": "../../addons/ofxAssimpModelLoader/libs/assimp/include/assimp/defs.h",
			"sourceTree": "SOURCE_ROOT"
		},
		"62882806-408B-4B97-ACE7-A5DE54AC6C76": {
			"children": [
				"AFB118B7-7814-4095-BAC6-5AA8CD3B0252",
				"5CAD6DAB-2533-4A98-80E7-DD796F85FEF9",
				"F6B856FB-5FE0-4121-A22A-EC0E01DBA7DF",
				"427B68AC-0F19-45B7-87C3-3392BB9845EA",
				"085B6636-8B2D-4362-8B69-1B4890E73D30",
				"D37F97E0-655A-41F8-ACE7-801010EAB551",
				"EDF7CF5A-98AE-44C9-A346-CF2877234756",
				"9F63ABB0-BFA2-4A4A-9EC5-7BA86B4B2EAC",
				"9C6CE275-9666-488E-86CE-4DFFEA23E5A3",
				"4BFD27C7-A9BA-4991-9086-0FD17624B552",
				"2CD1DB03-7454-4006-BFFA-08B7E924C8D9",
				"DEAC31D9-80E1-4C17-845C-EEEC04FEA8A6",
				"7B0FBA48-73D4-44B8-ABEF-BDF6B9AD9B88",
				"AC94C7C8-A55F-49BB-9DA4-A670513D2339",
				"93C90C17-D984-4984-84C1-CFD0CABCD38C",
				"CBF184CB-6369-46EA-A63B-05F09AC7E512",
				"1D62F0EF-F0F0-4299-A32B-CB3633A18A8E",
				"00CAAAB7-DAC5-4735-AE4A-E7A348325F4F",
				"E5567E73-36F5-4C14-BEE4-290D353037A2",
				"1437B21C-699D-40DA-940D-994F662B56C8",
				"83F47841-314D-414C-BC45-43AA658569C8",
				"4CEAF141-25A2-4099-8A58-0036634996DD"
			],
			"isa": "PBXGroup",
			"name": "src",
			"sourceTree": "SOURCE_ROOT"
		},
		"64814E4A-4F15-42A8-81E1-39A21B0D7ED2": {
			"explicitFileType": "sourcecode.cpp.cpp",
			"fileEncoding": "4",
			"isa": "PBXFileReference",
			"name": "imgui_impl_glfw.cpp",
			"path": "../../addons/ofxImGui/libs/imgui/backends/imgui_impl_glfw.cpp",
			"sourceTree": "SOURCE_ROOT"
		},
		"660C2D26-3CD0-4266-94D5-092A692F4572": {
			"explicitFileType": "sourcecode.c.h",
			"fileEncoding": "4",
			"isa": "PBXFileReference",
			"name": "StringComparison.h",
			"path": "../../addons/ofxAssimpModelLoader/libs/assimp/include/assimp/StringComparison.h",
			"sourceTree": "SOURCE_ROOT"
		},
		"66562906-A08E-4E2E-A2FD-B33DA59384FF": {
			"explicitFileType": "sourcecode.c.h",
			"fileEncoding": "4",
			"isa": "PBXFileReference",
			"name": "CursorManager.h",
			"path": "src/renderer/cursor/CursorManager.h",
			"sourceTree": "SOURCE_ROOT"
		},
		"66618FA8-EE4F-447F-BE13-73229F4A45B2": {
			"explicitFileType": "sourcecode.c.h",
			"fileEncoding": "4",
			"isa": "PBXFileReference",
			"name": "Logger.hpp",
			"path": "../../addons/ofxAssimpModelLoader/libs/assimp/include/assimp/Logger.hpp",
			"sourceTree": "SOURCE_ROOT"
		},
		"670ADF59-11EF-4F90-872F-8ED35D238FEF": {
			"explicitFileType": "sourcecode.cpp.cpp",
			"fileEncoding": "4",
			"isa": "PBXFileReference",
			"name": "imgui_impl_glfw_context_support.cpp",
			"path": "../../addons/ofxImGui/libs/imgui/backends/imgui_impl_glfw_context_support.cpp",
			"sourceTree": "SOURCE_ROOT"
		},
		"67DA7E64-A537-4EC8-9355-8F7E672D0B5E": {
			"explicitFileType": "sourcecode.cpp.cpp",
			"fileEncoding": "4",
			"isa": "PBXFileReference",
			"name": "EngineGLFW.cpp",
			"path": "../../addons/ofxImGui/src/EngineGLFW.cpp",
			"sourceTree": "SOURCE_ROOT"
		},
		"69C93375-AAF8-4DCB-B3D5-C192639A4DB9": {
			"children": [
				"93A6BD6E-510D-434C-8360-5E77B5F24DBC",
				"EDBC74FB-680D-4F9C-BA2D-3A582F2698EA",
				"5FD38952-B14D-43A7-B071-25A7A77C7534"
			],
			"isa": "PBXGroup",
			"name": "imgui",
			"sourceTree": "SOURCE_ROOT"
		},
		"6A308371-E0A0-4844-9FB3-93849D7C4138": {
			"explicitFileType": "sourcecode.c.h",
			"fileEncoding": "4",
			"isa": "PBXFileReference",
			"name": "Scenes.h",
			"path": "src/renderer/scenes/Scenes.h",
			"sourceTree": "SOURCE_ROOT"
		},
		"6A9D1C55-1BD6-4DDA-9ED1-175D8EC88CA8": {
			"explicitFileType": "sourcecode.c.h",
			"fileEncoding": "4",
			"isa": "PBXFileReference",
			"name": "BaseTheme.h",
			"path": "../../addons/ofxImGui/src/BaseTheme.h",
			"sourceTree": "SOURCE_ROOT"
		},
		"6D03D882-A868-45BA-9174-A0199EF7F32B": {
			"fileRef": "0B3C5D92-4654-4C63-9CA2-E3AB3CF3F437",
			"isa": "PBXBuildFile"
		},
		"6DF45EF1-750D-4B17-9B7C-F03098F331B7": {
			"explicitFileType": "sourcecode.c.h",
			"fileEncoding": "4",
			"isa": "PBXFileReference",
			"name": "cexport.h",
			"path": "../../addons/ofxAssimpModelLoader/libs/assimp/include/assimp/cexport.h",
			"sourceTree": "SOURCE_ROOT"
		},
		"6F11897F-4208-499C-8EF7-9960459E3703": {
			"fileRef": "41642AB3-BEBD-41F0-936B-697993984C77",
			"isa": "PBXBuildFile"
		},
		"6F631019-F2EB-4B1C-82BD-09796BBF6BF4": {
			"fileRef": "93C90C17-D984-4984-84C1-CFD0CABCD38C",
			"isa": "PBXBuildFile"
		},
		"6F837034-3753-43D8-91E6-2C352237EF4E": {
			"explicitFileType": "sourcecode.c.h",
			"fileEncoding": "4",
			"isa": "PBXFileReference",
			"name": "debug-trap.h",
			"path": "src/debug-trap.h",
			"sourceTree": "SOURCE_ROOT"
		},
		"701F0DC3-2883-4EAF-B9CE-9C96EAF83D33": {
			"children": [
				"81810E60-394F-41E4-8A35-3D4C55BE777E"
			],
			"isa": "PBXGroup",
			"name": "assimp",
			"sourceTree": "SOURCE_ROOT"
		},
		"712FC4E7-0A50-4C8A-B195-5419490341EA": {
			"children": [
				"57894B54-B3F4-40D3-B4ED-57D4C07CCA6A"
			],
			"isa": "PBXGroup",
			"name": "port",
			"sourceTree": "SOURCE_ROOT"
		},
		"71F97755-AB8B-4E8C-BC1E-C31C44864FAA": {
			"explicitFileType": "sourcecode.c.h",
			"fileEncoding": "4",
			"isa": "PBXFileReference",
			"name": "DefaultIOSystem.h",
			"path": "../../addons/ofxAssimpModelLoader/libs/assimp/include/assimp/DefaultIOSystem.h",
			"sourceTree": "SOURCE_ROOT"
		},
		"74193223-2173-4811-BA90-C6C129B7422E": {
			"explicitFileType": "sourcecode.c.h",
			"fileEncoding": "4",
			"isa": "PBXFileReference",
			"name": "glfwCompatibilityHacks.h",
			"path": "../../addons/ofxImGui/src/glfwCompatibilityHacks.h",
			"sourceTree": "SOURCE_ROOT"
		},
		"756CB71A-1B4F-4476-90AC-9CD96A2FBF09": {
			"explicitFileType": "sourcecode.cpp.cpp",
			"fileEncoding": "4",
			"isa": "PBXFileReference",
			"name": "ofxAssimpTexture.cpp",
			"path": "../../addons/ofxAssimpModelLoader/src/ofxAssimpTexture.cpp",
			"sourceTree": "SOURCE_ROOT"
		},
		"764FBEBF-8F15-4603-BE41-FBF19511AED9": {
			"explicitFileType": "sourcecode.c.h",
			"fileEncoding": "4",
			"isa": "PBXFileReference",
			"name": "StreamWriter.h",
			"path": "../../addons/ofxAssimpModelLoader/libs/assimp/include/assimp/StreamWriter.h",
			"sourceTree": "SOURCE_ROOT"
		},
		"7656EE35-24E6-4346-8B68-EB5873BB0D4D": {
			"children": [
				"C64F239F-4AD4-4950-A468-9C25C4690B8D",
				"7745138F-0AE1-4162-8783-DFC69CAC613D"
			],
			"isa": "PBXGroup",
			"name": "ofxImGui",
			"sourceTree": "SOURCE_ROOT"
		},
		"765C6E7B-AA63-459D-9442-79763CDA3D3D": {
			"explicitFileType": "sourcecode.c.h",
			"fileEncoding": "4",
			"isa": "PBXFileReference",
			"name": "config.h",
			"path": "../../addons/ofxAssimpModelLoader/libs/assimp/include/assimp/config.h",
			"sourceTree": "SOURCE_ROOT"
		},
		"76E1DB84-DAA8-4A22-9863-226EBB0F127E": {
			"fileRef": "E5567E73-36F5-4C14-BEE4-290D353037A2",
			"isa": "PBXBuildFile"
		},
		"77273BAC-2DC0-4E72-A305-47674D4B020E": {
			"explicitFileType": "sourcecode.cpp.cpp",
			"fileEncoding": "4",
			"isa": "PBXFileReference",
			"name": "application.cpp",
			"path": "src/application/application.cpp",
			"sourceTree": "SOURCE_ROOT"
		},
		"7745138F-0AE1-4162-8783-DFC69CAC613D": {
			"children": [
				"F3966F09-B5DA-42DA-B267-39DE545D49F5",
				"D28C1C8F-8D02-4E79-BADB-38C5A9547BC0",
				"6A9D1C55-1BD6-4DDA-9ED1-175D8EC88CA8",
				"02B7A3E0-A073-4C00-9902-4B0C23E7B9BF",
				"F44B17B7-AFE7-4AEF-AB48-E5D19334B4C0",
				"67DA7E64-A537-4EC8-9355-8F7E672D0B5E",
				"1991E933-18AF-4755-9119-F9CA49BCE9EC",
				"C2CB77A0-B90C-4B68-A30B-44271152C77B",
				"97E3E88F-F6A6-4C01-AFA3-920E6B1CD5EC",
				"2AECBEE4-0B3C-4F19-BE0A-C7C699DA44CC",
				"FFB69A78-4EC9-4F13-91A1-D6E549793BB8",
				"CBFB1801-A345-4EF4-A4A9-50880D27AE84",
				"AF8B6F42-AE0A-4CAD-ACB1-70BEE8CB1AAB",
				"9A54985E-C9C7-4225-B62A-F67BE2FC2715",
				"5E5A70FA-7906-4458-A46C-233C69D298AE",
				"F1B2B45D-8B87-4335-AE63-39FFCE5B58F6",
				"43AD891E-86C2-4A64-8F2C-2EC5D9B6B309",
				"1C69BAB6-5E46-4AC8-B6C2-CBEF128981E0",
				"74193223-2173-4811-BA90-C6C129B7422E",
				"F7A5F55A-927F-4BAC-871C-466B4B037730",
				"E7D3DEF1-7E69-40B0-A2DA-F0071812F47B",
				"DEE38FFB-E78F-4B54-97E1-01072E7762D6",
				"622F7131-CF51-4D97-A647-D0501DFFF1C7",
				"7C47FD6A-0589-4460-B7AE-160DC87FC5C6"
			],
			"isa": "PBXGroup",
			"name": "src",
			"sourceTree": "SOURCE_ROOT"
		},
		"7829E144-7816-47D7-BE07-9A17C90FED57": {
			"explicitFileType": "sourcecode.c.h",
			"fileEncoding": "4",
			"isa": "PBXFileReference",
			"name": "IOSystem.hpp",
			"path": "../../addons/ofxAssimpModelLoader/libs/assimp/include/assimp/IOSystem.hpp",
			"sourceTree": "SOURCE_ROOT"
		},
		"797D3161-BBC7-43E3-A488-D76A9FA67036": {
			"explicitFileType": "sourcecode.c.h",
			"fileEncoding": "4",
			"isa": "PBXFileReference",
			"name": "IOStreamBuffer.h",
			"path": "../../addons/ofxAssimpModelLoader/libs/assimp/include/assimp/IOStreamBuffer.h",
			"sourceTree": "SOURCE_ROOT"
		},
		"7B0FBA48-73D4-44B8-ABEF-BDF6B9AD9B88": {
			"explicitFileType": "sourcecode.cpp.cpp",
			"fileEncoding": "4",
			"isa": "PBXFileReference",
			"name": "ofxLabel.cpp",
			"path": "../../addons/ofxGui/src/ofxLabel.cpp",
			"sourceTree": "SOURCE_ROOT"
		},
		"7C47FD6A-0589-4460-B7AE-160DC87FC5C6": {
			"explicitFileType": "sourcecode.c.h",
			"fileEncoding": "4",
			"isa": "PBXFileReference",
			"name": "ofxImGuiLoggerChannel.h",
			"path": "../../addons/ofxImGui/src/ofxImGuiLoggerChannel.h",
			"sourceTree": "SOURCE_ROOT"
		},
		"7C78EEC9-74A3-4BCB-9E7F-A3E4DF49EF68": {
			"children": [
				"D911D9B0-7ABE-4C08-8CB4-E2DCE1EC0587",
				"66562906-A08E-4E2E-A2FD-B33DA59384FF"
			],
			"isa": "PBXGroup",
			"name": "cursor",
			"path": "src/renderer/cursor",
			"sourceTree": "SOURCE_ROOT"
		},
		"7D0D46F9-CF39-4C3E-8FDB-C385C1E3A4D5": {
			"children": [
				"62882806-408B-4B97-ACE7-A5DE54AC6C76"
			],
			"isa": "PBXGroup",
			"name": "ofxGui",
			"sourceTree": "SOURCE_ROOT"
		},
		"7ED572FA-FC5E-4262-AFFB-26B1F375A388": {
			"explicitFileType": "sourcecode.c.h",
			"fileEncoding": "4",
			"isa": "PBXFileReference",
			"name": "imgui_impl_glfw_context_support.h",
			"path": "../../addons/ofxImGui/libs/imgui/backends/imgui_impl_glfw_context_support.h",
			"sourceTree": "SOURCE_ROOT"
		},
		"7F8886F8-A53F-47B0-B93C-4A6B213723BA": {
			"explicitFileType": "sourcecode.c.h",
			"fileEncoding": "4",
			"isa": "PBXFileReference",
			"name": "Profiler.h",
			"path": "../../addons/ofxAssimpModelLoader/libs/assimp/include/assimp/Profiler.h",
			"sourceTree": "SOURCE_ROOT"
		},
		"802E1927-CD20-4350-9DF7-421054528CDF": {
			"fileRef": "465736D5-A15B-4D9B-960D-6FDA428D92EC",
			"isa": "PBXBuildFile"
		},
		"80FD2A4D-59FF-4631-AB99-FBB3ADB1DDE4": {
			"explicitFileType": "sourcecode.c.h",
			"fileEncoding": "4",
			"isa": "PBXFileReference",
			"name": "StreamReader.h",
			"path": "../../addons/ofxAssimpModelLoader/libs/assimp/include/assimp/StreamReader.h",
			"sourceTree": "SOURCE_ROOT"
		},
		"81810E60-394F-41E4-8A35-3D4C55BE777E": {
			"children": [
				"FD4126B4-8873-4EC6-991E-66842C9CADE9"
			],
			"isa": "PBXGroup",
			"name": "include",
			"sourceTree": "SOURCE_ROOT"
		},
		"82F919B5-C678-4039-8D46-5E7AB1041180": {
			"explicitFileType": "sourcecode.c.h",
			"fileEncoding": "4",
			"isa": "PBXFileReference",
			"name": "imgui.h",
			"path": "../../addons/ofxImGui/libs/imgui/src/imgui.h",
			"sourceTree": "SOURCE_ROOT"
		},
		"83F47841-314D-414C-BC45-43AA658569C8": {
			"explicitFileType": "sourcecode.cpp.cpp",
			"fileEncoding": "4",
			"isa": "PBXFileReference",
			"name": "ofxToggle.cpp",
			"path": "../../addons/ofxGui/src/ofxToggle.cpp",
			"sourceTree": "SOURCE_ROOT"
		},
		"83FFE1C1-ADD7-4A62-97A9-A026F5A721AF": {
			"explicitFileType": "sourcecode.c.h",
			"fileEncoding": "4",
			"isa": "PBXFileReference",
			"name": "RemoveComments.h",
			"path": "../../addons/ofxAssimpModelLoader/libs/assimp/include/assimp/RemoveComments.h",
			"sourceTree": "SOURCE_ROOT"
		},
		"86CCA8DA-E442-4901-A661-703F880759A8": {
			"explicitFileType": "sourcecode.c.h",
			"fileEncoding": "4",
			"isa": "PBXFileReference",
			"name": "AndroidJNIIOSystem.h",
			"path": "../../addons/ofxAssimpModelLoader/libs/assimp/include/assimp/port/AndroidJNI/AndroidJNIIOSystem.h",
			"sourceTree": "SOURCE_ROOT"
		},
		"90E70979-CC9B-4091-947B-98E153B72EDF": {
			"explicitFileType": "sourcecode.cpp.cpp",
			"fileEncoding": "4",
			"isa": "PBXFileReference",
			"name": "imgui_impl_opengl2.cpp",
			"path": "../../addons/ofxImGui/libs/imgui/backends/imgui_impl_opengl2.cpp",
			"sourceTree": "SOURCE_ROOT"
		},
		"93A6BD6E-510D-434C-8360-5E77B5F24DBC": {
			"children": [
				"64814E4A-4F15-42A8-81E1-39A21B0D7ED2",
				"F63FDC2B-E252-4155-AB85-BC6631D6C1A6",
				"4B363DEB-9F8E-415D-9FD5-AC60CC86E5FD",
				"670ADF59-11EF-4F90-872F-8ED35D238FEF",
				"7ED572FA-FC5E-4262-AFFB-26B1F375A388",
				"90E70979-CC9B-4091-947B-98E153B72EDF",
				"9CF1EE10-23F3-4F0A-926A-3D921344B205",
				"CA11BAA5-B561-41E3-9965-25C35BC725E9",
				"DAD0FF10-E7C6-4DDA-8631-E5447452331F",
				"4A249677-8E06-4A59-A444-1CA51ADF93F4"
			],
			"isa": "PBXGroup",
			"name": "backends",
			"sourceTree": "SOURCE_ROOT"
		},
		"93C90C17-D984-4984-84C1-CFD0CABCD38C": {
			"explicitFileType": "sourcecode.cpp.cpp",
			"fileEncoding": "4",
			"isa": "PBXFileReference",
			"name": "ofxPanel.cpp",
			"path": "../../addons/ofxGui/src/ofxPanel.cpp",
			"sourceTree": "SOURCE_ROOT"
		},
		"9404C9BB-B65E-4887-8973-6F0A8DD2599B": {
			"fileRef": "D2402018-7083-42EF-935C-07622F0AD4EA",
			"isa": "PBXBuildFile"
		},
		"94727671-EB21-4955-B91A-C793EAFFFADE": {
			"explicitFileType": "sourcecode.cpp.cpp",
			"fileEncoding": "4",
			"isa": "PBXFileReference",
			"name": "imgui.cpp",
			"path": "../../addons/ofxImGui/libs/imgui/src/imgui.cpp",
			"sourceTree": "SOURCE_ROOT"
		},
		"97198274-105D-4C56-8F5A-A5B4C2DA0BD8": {
			"explicitFileType": "sourcecode.c.h",
			"fileEncoding": "4",
			"isa": "PBXFileReference",
			"name": "scene.h",
			"path": "../../addons/ofxAssimpModelLoader/libs/assimp/include/assimp/scene.h",
			"sourceTree": "SOURCE_ROOT"
		},
		"97E3E88F-F6A6-4C01-AFA3-920E6B1CD5EC": {
			"explicitFileType": "sourcecode.c.h",
			"fileEncoding": "4",
			"isa": "PBXFileReference",
			"name": "EngineOpenFrameworks.h",
			"path": "../../addons/ofxImGui/src/EngineOpenFrameworks.h",
			"sourceTree": "SOURCE_ROOT"
		},
		"98E961EF-62B7-4133-B1EB-51C1003F0897": {
			"fileRef": "AFB118B7-7814-4095-BAC6-5AA8CD3B0252",
			"isa": "PBXBuildFile"
		},
		"997E0ACB-F936-4014-963F-1761C99A0998": {
			"fileRef": "5E5A70FA-7906-4458-A46C-233C69D298AE",
			"isa": "PBXBuildFile"
		},
		"9A54985E-C9C7-4225-B62A-F67BE2FC2715": {
			"explicitFileType": "sourcecode.c.h",
			"fileEncoding": "4",
			"isa": "PBXFileReference",
			"name": "Gui.h",
			"path": "../../addons/ofxImGui/src/Gui.h",
			"sourceTree": "SOURCE_ROOT"
		},
		"9C6CE275-9666-488E-86CE-4DFFEA23E5A3": {
			"explicitFileType": "sourcecode.c.h",
			"fileEncoding": "4",
			"isa": "PBXFileReference",
			"name": "ofxGuiGroup.h",
			"path": "../../addons/ofxGui/src/ofxGuiGroup.h",
			"sourceTree": "SOURCE_ROOT"
		},
		"9CC9CF96-FC08-44DF-A2B0-4DC0B03D4642": {
			"fileRef": "A6AAD16C-CF55-4570-A600-5BA9DB2502A8",
			"isa": "PBXBuildFile"
		},
		"9CF1EE10-23F3-4F0A-926A-3D921344B205": {
			"explicitFileType": "sourcecode.c.h",
			"fileEncoding": "4",
			"isa": "PBXFileReference",
			"name": "imgui_impl_opengl2.h",
			"path": "../../addons/ofxImGui/libs/imgui/backends/imgui_impl_opengl2.h",
			"sourceTree": "SOURCE_ROOT"
		},
		"9E5FB4FA-10FC-48DD-B0D8-121B0AE01622": {
			"explicitFileType": "sourcecode.c.h",
			"fileEncoding": "4",
			"isa": "PBXFileReference",
			"name": "application.h",
			"path": "src/application/application.h",
			"sourceTree": "SOURCE_ROOT"
		},
		"9F63ABB0-BFA2-4A4A-9EC5-7BA86B4B2EAC": {
			"explicitFileType": "sourcecode.cpp.cpp",
			"fileEncoding": "4",
			"isa": "PBXFileReference",
			"name": "ofxGuiGroup.cpp",
			"path": "../../addons/ofxGui/src/ofxGuiGroup.cpp",
			"sourceTree": "SOURCE_ROOT"
		},
		"9F653C96-3DD6-4D9A-B54E-576E1FAF393B": {
			"explicitFileType": "sourcecode.c.h",
			"fileEncoding": "4",
			"isa": "PBXFileReference",
			"name": "SkeletonMeshBuilder.h",
			"path": "../../addons/ofxAssimpModelLoader/libs/assimp/include/assimp/SkeletonMeshBuilder.h",
			"sourceTree": "SOURCE_ROOT"
		},
		"A126E577-CA2E-4AC4-9CB1-A2E66322E2C6": {
			"explicitFileType": "sourcecode.c.h",
			"fileEncoding": "4",
			"isa": "PBXFileReference",
			"name": "aabb.h",
			"path": "../../addons/ofxAssimpModelLoader/libs/assimp/include/assimp/aabb.h",
			"sourceTree": "SOURCE_ROOT"
		},
		"A129797E-AA36-4431-ACB9-18D6C705C6A6": {
			"explicitFileType": "sourcecode.c.h",
			"fileEncoding": "4",
			"isa": "PBXFileReference",
			"name": "Hash.h",
			"path": "../../addons/ofxAssimpModelLoader/libs/assimp/include/assimp/Hash.h",
			"sourceTree": "SOURCE_ROOT"
		},
		"A13F723D-31F4-49FC-8294-378896412EF5": {
			"fileRef": "67DA7E64-A537-4EC8-9355-8F7E672D0B5E",
			"isa": "PBXBuildFile"
		},
		"A1B5E180-3B47-402D-A9B0-C304A7E3D6A9": {
			"explicitFileType": "sourcecode.c.h",
			"fileEncoding": "4",
			"isa": "PBXFileReference",
			"name": "Scene.h",
			"path": "src/renderer/scenes/Scene.h",
			"sourceTree": "SOURCE_ROOT"
		},
		"A29BF4F2-5B3B-484A-8679-50BE3CA9D0BA": {
			"fileRef": "AF8B6F42-AE0A-4CAD-ACB1-70BEE8CB1AAB",
			"isa": "PBXBuildFile"
		},
		"A6AAD16C-CF55-4570-A600-5BA9DB2502A8": {
			"explicitFileType": "sourcecode.cpp.cpp",
			"fileEncoding": "4",
			"isa": "PBXFileReference",
			"name": "ofxAssimpAnimation.cpp",
			"path": "../../addons/ofxAssimpModelLoader/src/ofxAssimpAnimation.cpp",
			"sourceTree": "SOURCE_ROOT"
		},
		"ABB386D2-C5CB-4F4C-9206-1343019D56BE": {
			"explicitFileType": "sourcecode.c.h",
			"fileEncoding": "4",
			"isa": "PBXFileReference",
			"name": "CreateAnimMesh.h",
			"path": "../../addons/ofxAssimpModelLoader/libs/assimp/include/assimp/CreateAnimMesh.h",
			"sourceTree": "SOURCE_ROOT"
		},
		"AC94C7C8-A55F-49BB-9DA4-A670513D2339": {
			"explicitFileType": "sourcecode.c.h",
			"fileEncoding": "4",
			"isa": "PBXFileReference",
			"name": "ofxLabel.h",
			"path": "../../addons/ofxGui/src/ofxLabel.h",
			"sourceTree": "SOURCE_ROOT"
		},
		"AD047020-A628-4C78-838F-297526DFE31C": {
			"explicitFileType": "sourcecode.c.h",
			"fileEncoding": "4",
			"isa": "PBXFileReference",
			"name": "pstdint.h",
			"path": "../../addons/ofxAssimpModelLoader/libs/assimp/include/assimp/Compiler/pstdint.h",
			"sourceTree": "SOURCE_ROOT"
		},
		"AD7FA0F9-8379-4FB0-97A5-4F9859E86CF2": {
			"explicitFileType": "sourcecode.c.h",
			"fileEncoding": "4",
			"isa": "PBXFileReference",
			"name": "imgui_stdlib.h",
			"path": "../../addons/ofxImGui/libs/imgui/extras/imgui_stdlib.h",
			"sourceTree": "SOURCE_ROOT"
		},
		"ADBB110B-0E52-48F8-8BC5-DD008237B189": {
			"children": [
				"4E61F5CB-BF90-4B91-8FD6-51490E11EEBB",
				"4DDF708B-302F-4863-A786-F625C470D62F"
			],
			"isa": "PBXGroup",
			"name": "ofxAssimpModelLoader",
			"sourceTree": "SOURCE_ROOT"
		},
		"AF0825D3-F73F-4F66-990B-B3DB015C4340": {
			"fileRef": "5E39F454-D81D-470E-927A-46D2E032ACA2",
			"isa": "PBXBuildFile"
		},
		"AF8B6F42-AE0A-4CAD-ACB1-70BEE8CB1AAB": {
			"explicitFileType": "sourcecode.cpp.cpp",
			"fileEncoding": "4",
			"isa": "PBXFileReference",
			"name": "Gui.cpp",
			"path": "../../addons/ofxImGui/src/Gui.cpp",
			"sourceTree": "SOURCE_ROOT"
		},
		"AFB118B7-7814-4095-BAC6-5AA8CD3B0252": {
			"explicitFileType": "sourcecode.cpp.cpp",
			"fileEncoding": "4",
			"isa": "PBXFileReference",
			"name": "ofxBaseGui.cpp",
			"path": "../../addons/ofxGui/src/ofxBaseGui.cpp",
			"sourceTree": "SOURCE_ROOT"
		},
		"B1286051-F810-4C25-813D-2E3067B235C3": {
			"explicitFileType": "sourcecode.c.h",
			"fileEncoding": "4",
			"isa": "PBXFileReference",
			"name": "DefaultIOStream.h",
			"path": "../../addons/ofxAssimpModelLoader/libs/assimp/include/assimp/DefaultIOStream.h",
			"sourceTree": "SOURCE_ROOT"
		},
		"B15E1612-282E-472A-9F9A-A20A7858A486": {
			"explicitFileType": "sourcecode.c.h",
			"fileEncoding": "4",
			"isa": "PBXFileReference",
			"name": "SmallVector.h",
			"path": "../../addons/ofxAssimpModelLoader/libs/assimp/include/assimp/SmallVector.h",
			"sourceTree": "SOURCE_ROOT"
		},
		"B6E80661-58AB-4337-AA0C-D9BEEBF54799": {
			"fileRef": "C2CB77A0-B90C-4B68-A30B-44271152C77B",
			"isa": "PBXBuildFile"
		},
		"B7274CFD-F5D9-447D-BA34-B113E715A21B": {
			"explicitFileType": "sourcecode.c.h",
			"fileEncoding": "4",
			"isa": "PBXFileReference",
			"name": "DefaultLogger.hpp",
			"path": "../../addons/ofxAssimpModelLoader/libs/assimp/include/assimp/DefaultLogger.hpp",
			"sourceTree": "SOURCE_ROOT"
		},
		"B73EAE43-168B-4884-B6B5-D272C0D22105": {
			"explicitFileType": "sourcecode.c.h",
			"fileEncoding": "4",
			"isa": "PBXFileReference",
			"name": "LogAux.h",
			"path": "../../addons/ofxAssimpModelLoader/libs/assimp/include/assimp/LogAux.h",
			"sourceTree": "SOURCE_ROOT"
		},
		"B7D34FEE-71A4-4CC7-88EA-646C04BD1C37": {
			"explicitFileType": "sourcecode.c.h",
			"fileEncoding": "4",
			"isa": "PBXFileReference",
			"name": "version.h",
			"path": "../../addons/ofxAssimpModelLoader/libs/assimp/include/assimp/version.h",
			"sourceTree": "SOURCE_ROOT"
		},
		"BA117502-9ADC-4C96-B809-06C9B9836BF2": {
			"explicitFileType": "sourcecode.c.h",
			"fileEncoding": "4",
			"isa": "PBXFileReference",
			"name": "BaseImporter.h",
			"path": "../../addons/ofxAssimpModelLoader/libs/assimp/include/assimp/BaseImporter.h",
			"sourceTree": "SOURCE_ROOT"
		},
		"BB4B014C10F69532006C3DED": {
			"children": [
				"ADBB110B-0E52-48F8-8BC5-DD008237B189",
				"7D0D46F9-CF39-4C3E-8FDB-C385C1E3A4D5",
				"7656EE35-24E6-4346-8B68-EB5873BB0D4D"
			],
			"isa": "PBXGroup",
			"name": "addons",
			"path": "../../addons",
			"sourceTree": "<group>"
		},
		"BBDF2AA7-3902-457C-93D5-43FDBF7AAB06": {
			"explicitFileType": "sourcecode.c.h",
			"fileEncoding": "4",
			"isa": "PBXFileReference",
			"name": "MemoryIOWrapper.h",
			"path": "../../addons/ofxAssimpModelLoader/libs/assimp/include/assimp/MemoryIOWrapper.h",
			"sourceTree": "SOURCE_ROOT"
		},
		"BBDFBB12-BEB4-4BD5-BDF0-DE8ED6ADA2B0": {
			"explicitFileType": "sourcecode.c.h",
			"fileEncoding": "4",
			"isa": "PBXFileReference",
			"name": "matrix3x3.h",
			"path": "../../addons/ofxAssimpModelLoader/libs/assimp/include/assimp/matrix3x3.h",
			"sourceTree": "SOURCE_ROOT"
		},
		"BEE80CAE-B357-4231-9172-1D08F308EA35": {
			"explicitFileType": "sourcecode.c.h",
			"fileEncoding": "4",
			"isa": "PBXFileReference",
			"name": "ObjMaterial.h",
			"path": "../../addons/ofxAssimpModelLoader/libs/assimp/include/assimp/ObjMaterial.h",
			"sourceTree": "SOURCE_ROOT"
		},
		"C165048A-EA7A-4E06-A236-2036F7C052A0": {
			"explicitFileType": "sourcecode.c.h",
			"fileEncoding": "4",
			"isa": "PBXFileReference",
			"name": "ofxAssimpModelLoader.h",
			"path": "../../addons/ofxAssimpModelLoader/src/ofxAssimpModelLoader.h",
			"sourceTree": "SOURCE_ROOT"
		},
		"C21DDDA7-772E-4CFF-8B52-2A9AA40717B9": {
			"fileRef": "64814E4A-4F15-42A8-81E1-39A21B0D7ED2",
			"isa": "PBXBuildFile"
		},
		"C2CB77A0-B90C-4B68-A30B-44271152C77B": {
			"explicitFileType": "sourcecode.cpp.cpp",
			"fileEncoding": "4",
			"isa": "PBXFileReference",
			"name": "EngineOpenFrameworks.cpp",
			"path": "../../addons/ofxImGui/src/EngineOpenFrameworks.cpp",
			"sourceTree": "SOURCE_ROOT"
		},
		"C3AC7BE6-1EB9-44C4-A016-EFB525F0D19B": {
			"explicitFileType": "sourcecode.c.h",
			"fileEncoding": "4",
			"isa": "PBXFileReference",
			"name": "imstb_rectpack.h",
			"path": "../../addons/ofxImGui/libs/imgui/src/imstb_rectpack.h",
			"sourceTree": "SOURCE_ROOT"
		},
		"C4D6D59B-AA47-4F65-B55A-2B9E708884A2": {
			"explicitFileType": "sourcecode.c.h",
			"fileEncoding": "4",
			"isa": "PBXFileReference",
			"name": "light.h",
			"path": "../../addons/ofxAssimpModelLoader/libs/assimp/include/assimp/light.h",
			"sourceTree": "SOURCE_ROOT"
		},
		"C5B2DA1E-6CFC-4A86-AD33-570F0381EBDF": {
			"fileRef": "622F7131-CF51-4D97-A647-D0501DFFF1C7",
			"isa": "PBXBuildFile"
		},
		"C609AC48-0FEE-4077-8881-54B85D18F39B": {
			"explicitFileType": "sourcecode.c.h",
			"fileEncoding": "4",
			"isa": "PBXFileReference",
			"name": "ofxAssimpTexture.h",
			"path": "../../addons/ofxAssimpModelLoader/src/ofxAssimpTexture.h",
			"sourceTree": "SOURCE_ROOT"
		},
		"C64F239F-4AD4-4950-A468-9C25C4690B8D": {
			"children": [
				"69C93375-AAF8-4DCB-B3D5-C192639A4DB9"
			],
			"isa": "PBXGroup",
			"name": "libs",
			"sourceTree": "SOURCE_ROOT"
		},
		"C6CB6753-6A62-4C19-9B5F-20F68C41C303": {
			"explicitFileType": "sourcecode.c.h",
			"fileEncoding": "4",
			"isa": "PBXFileReference",
			"name": "Exceptional.h",
			"path": "../../addons/ofxAssimpModelLoader/libs/assimp/include/assimp/Exceptional.h",
			"sourceTree": "SOURCE_ROOT"
		},
		"C8314122-9B3B-458C-B457-782AA7ECAB8E": {
			"explicitFileType": "sourcecode.cpp.cpp",
			"fileEncoding": "4",
			"isa": "PBXFileReference",
			"name": "imgui_stdlib.cpp",
			"path": "../../addons/ofxImGui/libs/imgui/extras/imgui_stdlib.cpp",
			"sourceTree": "SOURCE_ROOT"
		},
		"C930D72C-DD01-4AFE-BEBE-3034581FA345": {
			"explicitFileType": "sourcecode.c.h",
			"fileEncoding": "4",
			"isa": "PBXFileReference",
			"name": "vector2.h",
			"path": "../../addons/ofxAssimpModelLoader/libs/assimp/include/assimp/vector2.h",
			"sourceTree": "SOURCE_ROOT"
		},
		"C96DF0A7-5FEE-49C4-AC5E-E84CD840E6E0": {
			"explicitFileType": "sourcecode.c.h",
			"fileEncoding": "4",
			"isa": "PBXFileReference",
			"name": "imstb_truetype.h",
			"path": "../../addons/ofxImGui/libs/imgui/src/imstb_truetype.h",
			"sourceTree": "SOURCE_ROOT"
		},
		"CA11BAA5-B561-41E3-9965-25C35BC725E9": {
			"explicitFileType": "sourcecode.cpp.cpp",
			"fileEncoding": "4",
			"isa": "PBXFileReference",
			"name": "imgui_impl_opengl3.cpp",
			"path": "../../addons/ofxImGui/libs/imgui/backends/imgui_impl_opengl3.cpp",
			"sourceTree": "SOURCE_ROOT"
		},
		"CBF184CB-6369-46EA-A63B-05F09AC7E512": {
			"explicitFileType": "sourcecode.c.h",
			"fileEncoding": "4",
			"isa": "PBXFileReference",
			"name": "ofxPanel.h",
			"path": "../../addons/ofxGui/src/ofxPanel.h",
			"sourceTree": "SOURCE_ROOT"
		},
		"CBFB1801-A345-4EF4-A4A9-50880D27AE84": {
			"explicitFileType": "sourcecode.c.h",
			"fileEncoding": "4",
			"isa": "PBXFileReference",
			"name": "EngineVk.h",
			"path": "../../addons/ofxImGui/src/EngineVk.h",
			"sourceTree": "SOURCE_ROOT"
		},
		"CD1EEA66-E1BA-47A7-AB40-64289B120B76": {
			"explicitFileType": "sourcecode.c.h",
			"fileEncoding": "4",
			"isa": "PBXFileReference",
			"name": "PrimitiveScene.h",
			"path": "src/renderer/scenes/PrimitiveScene.h",
			"sourceTree": "SOURCE_ROOT"
		},
		"D05FD659-F0FB-4B98-8BB4-F71E92DEAE42": {
			"explicitFileType": "sourcecode.c.h",
			"fileEncoding": "4",
			"isa": "PBXFileReference",
			"name": "postprocess.h",
			"path": "../../addons/ofxAssimpModelLoader/libs/assimp/include/assimp/postprocess.h",
			"sourceTree": "SOURCE_ROOT"
		},
		"D2402018-7083-42EF-935C-07622F0AD4EA": {
			"explicitFileType": "sourcecode.cpp.cpp",
			"fileEncoding": "4",
			"isa": "PBXFileReference",
			"name": "renderer.cpp",
			"path": "src/renderer/renderer.cpp",
			"sourceTree": "SOURCE_ROOT"
		},
		"D28C1C8F-8D02-4E79-BADB-38C5A9547BC0": {
			"explicitFileType": "sourcecode.c.h",
			"fileEncoding": "4",
			"isa": "PBXFileReference",
			"name": "BaseEngine.h",
			"path": "../../addons/ofxImGui/src/BaseEngine.h",
			"sourceTree": "SOURCE_ROOT"
		},
		"D2CA9FDD-8ED3-4FF1-9E06-A8A8EDCC4C46": {
			"fileRef": "CA11BAA5-B561-41E3-9965-25C35BC725E9",
			"isa": "PBXBuildFile"
		},
		"D2D6EB5F-1BB8-4478-849C-5A9B2AA85CA9": {
			"explicitFileType": "sourcecode.c.h",
			"fileEncoding": "4",
			"isa": "PBXFileReference",
			"name": "ProgressHandler.hpp",
			"path": "../../addons/ofxAssimpModelLoader/libs/assimp/include/assimp/ProgressHandler.hpp",
			"sourceTree": "SOURCE_ROOT"
		},
		"D37F97E0-655A-41F8-ACE7-801010EAB551": {
			"explicitFileType": "sourcecode.c.h",
			"fileEncoding": "4",
			"isa": "PBXFileReference",
			"name": "ofxColorPicker.h",
			"path": "../../addons/ofxGui/src/ofxColorPicker.h",
			"sourceTree": "SOURCE_ROOT"
		},
		"D46CC6C5-4CDD-42A9-AAC9-05340289BEBE": {
			"fileRef": "F6B856FB-5FE0-4121-A22A-EC0E01DBA7DF",
			"isa": "PBXBuildFile"
		},
		"D5F80C33-AA23-4F72-B0F1-88F21F4A3989": {
			"explicitFileType": "sourcecode.c.h",
			"fileEncoding": "4",
			"isa": "PBXFileReference",
			"name": "NullLogger.hpp",
			"path": "../../addons/ofxAssimpModelLoader/libs/assimp/include/assimp/NullLogger.hpp",
			"sourceTree": "SOURCE_ROOT"
		},
		"D63729AF-CAD4-48DB-95B0-7C8653280CD1": {
			"fileRef": "670ADF59-11EF-4F90-872F-8ED35D238FEF",
			"isa": "PBXBuildFile"
		},
		"D71E80B4-7F35-4D99-B1F2-80768D86B6F0": {
			"explicitFileType": "sourcecode.c.h",
			"fileEncoding": "4",
			"isa": "PBXFileReference",
			"name": "cimport.h",
			"path": "../../addons/ofxAssimpModelLoader/libs/assimp/include/assimp/cimport.h",
			"sourceTree": "SOURCE_ROOT"
		},
		"D860B8CC-B371-40A7-869B-10000BB6612B": {
			"explicitFileType": "sourcecode.c.h",
			"fileEncoding": "4",
			"isa": "PBXFileReference",
			"name": "pbrmaterial.h",
			"path": "../../addons/ofxAssimpModelLoader/libs/assimp/include/assimp/pbrmaterial.h",
			"sourceTree": "SOURCE_ROOT"
		},
		"D911D9B0-7ABE-4C08-8CB4-E2DCE1EC0587": {
			"explicitFileType": "sourcecode.cpp.cpp",
			"fileEncoding": "4",
			"isa": "PBXFileReference",
			"name": "CursorManager.cpp",
			"path": "src/renderer/cursor/CursorManager.cpp",
			"sourceTree": "SOURCE_ROOT"
		},
		"DA116EAF-9F7A-4919-A2AC-0ADA330F2521": {
			"explicitFileType": "sourcecode.c.h",
			"fileEncoding": "4",
			"isa": "PBXFileReference",
			"name": "vector3.h",
			"path": "../../addons/ofxAssimpModelLoader/libs/assimp/include/assimp/vector3.h",
			"sourceTree": "SOURCE_ROOT"
		},
		"DA2D5F25-1EEF-49FF-BE84-872994131BA1": {
			"explicitFileType": "sourcecode.c.h",
			"fileEncoding": "4",
			"isa": "PBXFileReference",
			"name": "LineSplitter.h",
			"path": "../../addons/ofxAssimpModelLoader/libs/assimp/include/assimp/LineSplitter.h",
			"sourceTree": "SOURCE_ROOT"
		},
		"DAD0FF10-E7C6-4DDA-8631-E5447452331F": {
			"explicitFileType": "sourcecode.c.h",
			"fileEncoding": "4",
			"isa": "PBXFileReference",
			"name": "imgui_impl_opengl3.h",
			"path": "../../addons/ofxImGui/libs/imgui/backends/imgui_impl_opengl3.h",
			"sourceTree": "SOURCE_ROOT"
		},
		"DC5B2DFD-0982-402C-AF7D-8C2BF2892A26": {
			"explicitFileType": "sourcecode.c.h",
			"fileEncoding": "4",
			"isa": "PBXFileReference",
			"name": "LogStream.hpp",
			"path": "../../addons/ofxAssimpModelLoader/libs/assimp/include/assimp/LogStream.hpp",
			"sourceTree": "SOURCE_ROOT"
		},
		"DD01DB19-23C7-4488-865C-0B4B5A94D2E5": {
			"explicitFileType": "sourcecode.c.h",
			"fileEncoding": "4",
			"isa": "PBXFileReference",
			"name": "TinyFormatter.h",
			"path": "../../addons/ofxAssimpModelLoader/libs/assimp/include/assimp/TinyFormatter.h",
			"sourceTree": "SOURCE_ROOT"
		},
		"DEAC31D9-80E1-4C17-845C-EEEC04FEA8A6": {
			"explicitFileType": "sourcecode.c.h",
			"fileEncoding": "4",
			"isa": "PBXFileReference",
			"name": "ofxInputField.h",
			"path": "../../addons/ofxGui/src/ofxInputField.h",
			"sourceTree": "SOURCE_ROOT"
		},
		"DEE38FFB-E78F-4B54-97E1-01072E7762D6": {
			"explicitFileType": "sourcecode.c.h",
			"fileEncoding": "4",
			"isa": "PBXFileReference",
			"name": "ofxImGuiConstants.h",
			"path": "../../addons/ofxImGui/src/ofxImGuiConstants.h",
			"sourceTree": "SOURCE_ROOT"
		},
		"DEE5EA42-DD0F-4304-88FD-9F5D49EC7B75": {
			"explicitFileType": "sourcecode.c.h",
			"fileEncoding": "4",
			"isa": "PBXFileReference",
			"name": "importerdesc.h",
			"path": "../../addons/ofxAssimpModelLoader/libs/assimp/include/assimp/importerdesc.h",
			"sourceTree": "SOURCE_ROOT"
		},
		"DF6AE8B1-D8EB-4BC7-96B6-6C85F99E4877": {
			"explicitFileType": "sourcecode.c.h",
			"fileEncoding": "4",
			"isa": "PBXFileReference",
			"name": "ColladaMetaData.h",
			"path": "../../addons/ofxAssimpModelLoader/libs/assimp/include/assimp/ColladaMetaData.h",
			"sourceTree": "SOURCE_ROOT"
		},
		"DFD99A97-F284-4A2B-A190-3E58D47FC7C7": {
			"explicitFileType": "sourcecode.c.h",
			"fileEncoding": "4",
			"isa": "PBXFileReference",
			"name": "IOStream.hpp",
			"path": "../../addons/ofxAssimpModelLoader/libs/assimp/include/assimp/IOStream.hpp",
			"sourceTree": "SOURCE_ROOT"
		},
		"DFFB8807-8D27-42F7-9C53-26CC8C5CBB50": {
			"explicitFileType": "sourcecode.c.h",
			"fileEncoding": "4",
			"isa": "PBXFileReference",
			"name": "RotatingCubeScene.h",
			"path": "src/renderer/scenes/RotatingCubeScene.h",
			"sourceTree": "SOURCE_ROOT"
		},
		"E09BC2FD-E26C-4F1B-BAF2-0C7B0B7B7C1C": {
			"explicitFileType": "sourcecode.c.h",
			"fileEncoding": "4",
			"isa": "PBXFileReference",
			"name": "ParsingUtils.h",
			"path": "../../addons/ofxAssimpModelLoader/libs/assimp/include/assimp/ParsingUtils.h",
			"sourceTree": "SOURCE_ROOT"
		},
		"E20B8733-F4AD-49ED-8269-11D6ACEDB77F": {
			"explicitFileType": "sourcecode.c.h",
			"fileEncoding": "4",
			"isa": "PBXFileReference",
			"name": "ofxAssimpUtils.h",
			"path": "../../addons/ofxAssimpModelLoader/src/ofxAssimpUtils.h",
			"sourceTree": "SOURCE_ROOT"
		},
		"E2693E4E-96BC-4280-BD3F-D60B167BC1BA": {
			"children": [
				"3A073B0A-6B3F-4642-B002-4959F32C5928",
				"AD047020-A628-4C78-838F-297526DFE31C",
				"49C9AA9D-8ECB-49E9-90ED-D37AE2305195"
			],
			"isa": "PBXGroup",
			"name": "Compiler",
			"sourceTree": "SOURCE_ROOT"
		},
		"E42962A92163ECCD00A6A9E2": {
			"alwaysOutOfDate": "1",
			"buildActionMask": "2147483647",
			"files": [],
			"inputPaths": [],
			"isa": "PBXShellScriptBuildPhase",
			"name": "Run Script — Compile OF",
			"outputPaths": [],
			"runOnlyForDeploymentPostprocessing": "0",
			"shellPath": "/bin/sh",
			"shellScript": "echo \"💾 Compiling Openframeworks\"\nxcodebuild -project \"$OF_PATH/libs/openFrameworksCompiled/project/osx/openFrameworksLib.xcodeproj\" -target openFrameworks -configuration \"${CONFIGURATION}\"  CLANG_CXX_LANGUAGE_STANDARD=$CLANG_CXX_LANGUAGE_STANDARD MACOSX_DEPLOYMENT_TARGET=$MACOSX_DEPLOYMENT_TARGET GCC_PREPROCESSOR_DEFINITIONS=$USER_PREPROCESSOR_DEFINITIONS\n",
			"showEnvVarsInLog": "0"
		},
		"E4A5B60F29BAAAE400C2D356": {
			"buildActionMask": "2147483647",
			"dstPath": "",
			"dstSubfolderSpec": "6",
			"files": [],
			"isa": "PBXCopyFilesBuildPhase",
			"runOnlyForDeploymentPostprocessing": "0"
		},
		"E4B69B4A0A3A1720003C02F2": {
			"children": [
				"191CD6FA2847E21E0085CBB6",
				"E4B6FCAD0C3E899E008CF71C",
				"E4EB6923138AFD0F00A09F29",
				"E4B69E1C0A3A1BDC003C02F2",
				"191EF70929D778A400F35F26",
				"BB4B014C10F69532006C3DED",
				"E4B69B5B0A3A1756003C02F2"
			],
			"isa": "PBXGroup",
			"sourceTree": "<group>"
		},
		"E4B69B4C0A3A1720003C02F2": {
			"attributes": {
				"LastUpgradeCheck": "0600"
			},
			"buildConfigurationList": "E4B69B4D0A3A1720003C02F2",
			"compatibilityVersion": "Xcode 3.2",
			"developmentRegion": "en",
			"hasScannedForEncodings": "0",
			"isa": "PBXProject",
			"knownRegions": [
				"en",
				"Base"
			],
			"mainGroup": "E4B69B4A0A3A1720003C02F2",
			"productRefGroup": "E4B69B4A0A3A1720003C02F2",
			"projectDirPath": "",
			"projectRoot": "",
			"targets": [
				"E4B69B5A0A3A1756003C02F2"
			]
		},
		"E4B69B4D0A3A1720003C02F2": {
			"buildConfigurations": [
				"E4B69B4E0A3A1720003C02F2",
				"E4B69B4F0A3A1720003C02F2"
			],
			"defaultConfigurationIsVisible": "0",
			"defaultConfigurationName": "Release",
			"isa": "XCConfigurationList"
		},
		"E4B69B4E0A3A1720003C02F2": {
			"baseConfigurationReference": "E4EB6923138AFD0F00A09F29",
			"buildSettings": {
				"CODE_SIGN_ENTITLEMENTS": "of.entitlements",
				"COPY_PHASE_STRIP": "NO",
				"ENABLE_TESTABILITY": "YES",
				"GCC_OPTIMIZATION_LEVEL": "0",
				"GCC_WARN_UNUSED_VARIABLE": "NO",
				"HEADER_SEARCH_PATHS": [
					"$(OF_CORE_HEADERS)",
					"src"
				],
				"OTHER_CPLUSPLUSFLAGS": "-D__MACOSX_CORE__"
			},
			"isa": "XCBuildConfiguration",
			"name": "Debug"
		},
		"E4B69B4F0A3A1720003C02F2": {
			"baseConfigurationReference": "E4EB6923138AFD0F00A09F29",
			"buildSettings": {
				"CODE_SIGN_ENTITLEMENTS": "of.entitlements",
				"COPY_PHASE_STRIP": "YES",
				"GCC_OPTIMIZATION_LEVEL": "3",
				"GCC_UNROLL_LOOPS": "YES",
				"HEADER_SEARCH_PATHS": [
					"$(OF_CORE_HEADERS)",
					"src"
				],
				"OTHER_CPLUSPLUSFLAGS": "-D__MACOSX_CORE__"
			},
			"isa": "XCBuildConfiguration",
			"name": "Release"
		},
		"E4B69B580A3A1756003C02F2": {
			"buildActionMask": "2147483647",
			"files": [
				"E4B69E200A3A1BDC003C02F2",
				"E4B69E210A3A1BDC003C02F2",
				"4C9BCBE9-DB6A-48B9-8FF3-5DA85921DDEC",
				"2F226BCB-81B8-4B56-AAE3-6CBDB7ADA98A",
				"9404C9BB-B65E-4887-8973-6F0A8DD2599B",
				"6F11897F-4208-499C-8EF7-9960459E3703",
				"6D03D882-A868-45BA-9174-A0199EF7F32B",
				"802E1927-CD20-4350-9DF7-421054528CDF",
				"9CC9CF96-FC08-44DF-A2B0-4DC0B03D4642",
				"3233B0BE-36BB-45F1-B9CC-B3356B43E65C",
				"621E63B3-4FC2-4D21-9379-57B53C24F031",
				"0FECE348-44FA-4A66-9A89-0DF21E35FA49",
				"98E961EF-62B7-4133-B1EB-51C1003F0897",
				"D46CC6C5-4CDD-42A9-AAC9-05340289BEBE",
				"3A74C11F-CF26-4F33-B92D-0F98648400EB",
				"FD3E45E4-A6BC-4F5A-A9CA-F876FC3F8737",
				"43DEFFE2-844D-41D9-9D81-B844D6B016DC",
				"FE3851C1-D5AB-45CC-A6F3-D0B228C90D2A",
				"6F631019-F2EB-4B1C-82BD-09796BBF6BF4",
				"3AFAED02-6924-4049-B6BE-8606A01D3B09",
				"76E1DB84-DAA8-4A22-9863-226EBB0F127E",
				"2F888ED8-4FD7-44AC-99F8-C1702D840BC9",
				"C21DDDA7-772E-4CFF-8B52-2A9AA40717B9",
				"D63729AF-CAD4-48DB-95B0-7C8653280CD1",
				"EE61C043-6C12-48D9-B3F0-7F122F575E61",
				"D2CA9FDD-8ED3-4FF1-9E06-A8A8EDCC4C46",
				"F34555B5-9209-4C63-9397-AF5F22AA4F28",
				"2CABA0B2-0A7E-4E0D-84F0-0D5BA2AF42B3",
				"AF0825D3-F73F-4F66-990B-B3DB015C4340",
				"5501AD96-0A2A-4D45-A374-DCC9E0312B62",
				"352AC99D-A159-4A87-AF4D-5B5F545A0DC0",
				"151A5AAF-8B67-4DF8-8924-79453F69E633",
				"4CF9437C-881F-437C-AC12-576580F10FF2",
				"3C140B17-903B-4413-A7A3-3B84E8768CF6",
				"A13F723D-31F4-49FC-8294-378896412EF5",
				"B6E80661-58AB-4337-AA0C-D9BEEBF54799",
				"1D466A93-B6CA-467E-96AF-68E541123197",
				"A29BF4F2-5B3B-484A-8679-50BE3CA9D0BA",
				"997E0ACB-F936-4014-963F-1761C99A0998",
				"C5B2DA1E-6CFC-4A86-AD33-570F0381EBDF"
			],
			"isa": "PBXSourcesBuildPhase",
			"runOnlyForDeploymentPostprocessing": "0"
		},
		"E4B69B590A3A1756003C02F2": {
			"buildActionMask": "2147483647",
			"files": [],
			"isa": "PBXFrameworksBuildPhase",
			"runOnlyForDeploymentPostprocessing": "0"
		},
		"E4B69B5A0A3A1756003C02F2": {
			"buildConfigurationList": "E4B69B5F0A3A1757003C02F2",
			"buildPhases": [
				"E42962A92163ECCD00A6A9E2",
				"E4B69B580A3A1756003C02F2",
				"E4B69B590A3A1756003C02F2",
				"E4C2427710CC5ABF004149E2",
				"E4A5B60F29BAAAE400C2D356",
				"19B789C429E5AB4A0082E9B8"
			],
			"buildRules": [],
			"dependencies": [],
			"isa": "PBXNativeTarget",
			"name": "projet-infographie",
			"productName": "myOFApp",
			"productReference": "E4B69B5B0A3A1756003C02F2",
			"productType": "com.apple.product-type.application"
		},
		"E4B69B5B0A3A1756003C02F2": {
			"explicitFileType": "wrapper.application",
			"includeInIndex": "0",
			"isa": "PBXFileReference",
			"path": "projet-infographieDebug.app",
			"sourceTree": "BUILT_PRODUCTS_DIR"
		},
		"E4B69B5F0A3A1757003C02F2": {
			"buildConfigurations": [
				"E4B69B600A3A1757003C02F2",
				"E4B69B610A3A1757003C02F2"
			],
			"defaultConfigurationIsVisible": "0",
			"defaultConfigurationName": "Release",
			"isa": "XCConfigurationList"
		},
		"E4B69B600A3A1757003C02F2": {
			"baseConfigurationReference": "E4EB6923138AFD0F00A09F29",
			"buildSettings": {
				"ARCHS": "$(ARCHS_STANDARD)",
				"COPY_PHASE_STRIP": "NO",
				"FRAMEWORK_SEARCH_PATHS": "$(inherited)",
				"GCC_DYNAMIC_NO_PIC": "NO",
				"HEADER_SEARCH_PATHS": [
					"$(OF_CORE_HEADERS)",
					"src",
					"src/application",
					"src",
					"src/opengl",
					"src/renderer/cursor",
					"src/renderer",
					"src/renderer/scenes",
					"../../addons/ofxAssimpModelLoader/libs",
					"../../addons/ofxAssimpModelLoader/libs/assimp",
					"../../addons/ofxAssimpModelLoader/libs/assimp/include",
					"../../addons/ofxAssimpModelLoader/libs/assimp/include/assimp",
					"../../addons/ofxAssimpModelLoader/libs/assimp/include/assimp/Compiler",
					"../../addons/ofxAssimpModelLoader/libs/assimp/include/assimp/port",
					"../../addons/ofxAssimpModelLoader/libs/assimp/include/assimp/port/AndroidJNI",
					"../../addons/ofxAssimpModelLoader/libs/assimp/lib",
					"../../addons/ofxAssimpModelLoader/libs/assimp/lib/emscripten",
					"../../addons/ofxAssimpModelLoader/libs/assimp/lib/osx",
					"../../addons/ofxAssimpModelLoader/libs/assimp/license",
					"../../addons/ofxAssimpModelLoader/src",
					"../../addons/ofxGui/src",
					"../../addons/ofxImGui/libs",
					"../../addons/ofxImGui/libs/imgui",
					"../../addons/ofxImGui/libs/imgui/backends",
					"../../addons/ofxImGui/libs/imgui/docs",
					"../../addons/ofxImGui/libs/imgui/extras",
					"../../addons/ofxImGui/libs/imgui/src",
					"../../addons/ofxImGui/src"
				],
				"LIBRARY_SEARCH_PATHS": "$(inherited)",
				"OTHER_CFLAGS": [
					"-DofxAddons_ENABLE_IMGUI"
				],
				"OTHER_LDFLAGS": [
					"$(OF_CORE_LIBS)",
					"$(OF_CORE_FRAMEWORKS)",
					"$(LIB_OF_DEBUG)",
					"../../addons/ofxAssimpModelLoader/libs/assimp/lib/osx/assimp.a"
				]
			},
			"isa": "XCBuildConfiguration",
			"name": "Debug"
		},
		"E4B69B610A3A1757003C02F2": {
			"baseConfigurationReference": "E4EB6923138AFD0F00A09F29",
			"buildSettings": {
				"ARCHS": "$(ARCHS_STANDARD)",
				"COPY_PHASE_STRIP": "YES",
				"FRAMEWORK_SEARCH_PATHS": "$(inherited)",
				"HEADER_SEARCH_PATHS": [
					"$(OF_CORE_HEADERS)",
					"src",
					"src/application",
					"src",
					"src/opengl",
					"src/renderer/cursor",
					"src/renderer",
					"src/renderer/scenes",
					"../../addons/ofxAssimpModelLoader/libs",
					"../../addons/ofxAssimpModelLoader/libs/assimp",
					"../../addons/ofxAssimpModelLoader/libs/assimp/include",
					"../../addons/ofxAssimpModelLoader/libs/assimp/include/assimp",
					"../../addons/ofxAssimpModelLoader/libs/assimp/include/assimp/Compiler",
					"../../addons/ofxAssimpModelLoader/libs/assimp/include/assimp/port",
					"../../addons/ofxAssimpModelLoader/libs/assimp/include/assimp/port/AndroidJNI",
					"../../addons/ofxAssimpModelLoader/libs/assimp/lib",
					"../../addons/ofxAssimpModelLoader/libs/assimp/lib/emscripten",
					"../../addons/ofxAssimpModelLoader/libs/assimp/lib/osx",
					"../../addons/ofxAssimpModelLoader/libs/assimp/license",
					"../../addons/ofxAssimpModelLoader/src",
					"../../addons/ofxGui/src",
					"../../addons/ofxImGui/libs",
					"../../addons/ofxImGui/libs/imgui",
					"../../addons/ofxImGui/libs/imgui/backends",
					"../../addons/ofxImGui/libs/imgui/docs",
					"../../addons/ofxImGui/libs/imgui/extras",
					"../../addons/ofxImGui/libs/imgui/src",
					"../../addons/ofxImGui/src"
				],
				"LIBRARY_SEARCH_PATHS": "$(inherited)",
				"OTHER_CFLAGS": [
					"-DofxAddons_ENABLE_IMGUI"
				],
				"OTHER_LDFLAGS": [
					"$(OF_CORE_LIBS)",
					"$(OF_CORE_FRAMEWORKS)",
					"$(LIB_OF)",
					"../../addons/ofxAssimpModelLoader/libs/assimp/lib/osx/assimp.a"
				],
				"baseConfigurationReference": "E4EB6923138AFD0F00A09F29"
			},
			"isa": "XCBuildConfiguration",
			"name": "Release"
		},
		"E4B69E1C0A3A1BDC003C02F2": {
			"children": [
				"E4B69E1D0A3A1BDC003C02F2",
				"E4B69E1E0A3A1BDC003C02F2",
				"E4B69E1F0A3A1BDC003C02F2",
				"4D1014D8-A044-44F0-91A5-D8B30BEA1862",
				"6F837034-3753-43D8-91E6-2C352237EF4E",
				"205D9B70-3DCA-4466-B66D-2AF7F29313E6",
				"15E34B85-645E-4620-877D-6A90D555CA86"
			],
			"isa": "PBXGroup",
			"path": "src",
			"sourceTree": "SOURCE_ROOT"
		},
		"E4B69E1D0A3A1BDC003C02F2": {
			"fileEncoding": "4",
			"isa": "PBXFileReference",
			"lastKnownFileType": "sourcecode.cpp.cpp",
			"name": "main.cpp",
			"path": "src/main.cpp",
			"sourceTree": "SOURCE_ROOT"
		},
		"E4B69E1E0A3A1BDC003C02F2": {
			"explicitFileType": "sourcecode.cpp.cpp",
			"fileEncoding": "4",
			"isa": "PBXFileReference",
			"name": "ofApp.cpp",
			"path": "src/ofApp.cpp",
			"sourceTree": "SOURCE_ROOT"
		},
		"E4B69E1F0A3A1BDC003C02F2": {
			"fileEncoding": "4",
			"isa": "PBXFileReference",
			"lastKnownFileType": "sourcecode.c.h",
			"name": "ofApp.h",
			"path": "src/ofApp.h",
			"sourceTree": "SOURCE_ROOT"
		},
		"E4B69E200A3A1BDC003C02F2": {
			"fileRef": "E4B69E1D0A3A1BDC003C02F2",
			"isa": "PBXBuildFile"
		},
		"E4B69E210A3A1BDC003C02F2": {
			"fileRef": "E4B69E1E0A3A1BDC003C02F2",
			"isa": "PBXBuildFile"
		},
		"E4B6FCAD0C3E899E008CF71C": {
			"fileEncoding": "4",
			"isa": "PBXFileReference",
			"lastKnownFileType": "text.plist.xml",
			"path": "openFrameworks-Info.plist",
			"sourceTree": "<group>"
		},
		"E4C2427710CC5ABF004149E2": {
			"buildActionMask": "2147483647",
			"dstPath": "",
			"dstSubfolderSpec": "10",
			"files": [],
			"isa": "PBXCopyFilesBuildPhase",
			"runOnlyForDeploymentPostprocessing": "0"
		},
		"E4EB6923138AFD0F00A09F29": {
			"fileEncoding": "4",
			"isa": "PBXFileReference",
			"lastKnownFileType": "text.xcconfig",
			"path": "Project.xcconfig",
			"sourceTree": "<group>"
		},
		"E5567E73-36F5-4C14-BEE4-290D353037A2": {
			"explicitFileType": "sourcecode.cpp.cpp",
			"fileEncoding": "4",
			"isa": "PBXFileReference",
			"name": "ofxSliderGroup.cpp",
			"path": "../../addons/ofxGui/src/ofxSliderGroup.cpp",
			"sourceTree": "SOURCE_ROOT"
		},
		"E5996976-A110-4195-AA2F-695D6B02A9C1": {
			"explicitFileType": "sourcecode.cpp.cpp",
			"fileEncoding": "4",
			"isa": "PBXFileReference",
			"name": "imgui_draw.cpp",
			"path": "../../addons/ofxImGui/libs/imgui/src/imgui_draw.cpp",
			"sourceTree": "SOURCE_ROOT"
		},
		"E7D3DEF1-7E69-40B0-A2DA-F0071812F47B": {
			"explicitFileType": "sourcecode.c.h",
			"fileEncoding": "4",
			"isa": "PBXFileReference",
			"name": "ofxImGui.h",
			"path": "../../addons/ofxImGui/src/ofxImGui.h",
			"sourceTree": "SOURCE_ROOT"
		},
		"E93BFD2A-2C41-4C21-9926-4F0D0A5A5830": {
			"children": [
				"41642AB3-BEBD-41F0-936B-697993984C77",
				"3EBA3904-A2D1-417A-9DAB-47212801FCC2",
				"0B3C5D92-4654-4C63-9CA2-E3AB3CF3F437",
				"CD1EEA66-E1BA-47A7-AB40-64289B120B76",
				"DFFB8807-8D27-42F7-9C53-26CC8C5CBB50",
				"A1B5E180-3B47-402D-A9B0-C304A7E3D6A9",
				"465736D5-A15B-4D9B-960D-6FDA428D92EC",
				"6A308371-E0A0-4844-9FB3-93849D7C4138"
			],
			"isa": "PBXGroup",
			"name": "scenes",
			"path": "src/renderer/scenes",
			"sourceTree": "SOURCE_ROOT"
		},
		"EAD5CE36-EAAC-4DA2-81B4-B2D0EB0D7E53": {
			"explicitFileType": "sourcecode.c.h",
			"fileEncoding": "4",
			"isa": "PBXFileReference",
			"name": "ByteSwapper.h",
			"path": "../../addons/ofxAssimpModelLoader/libs/assimp/include/assimp/ByteSwapper.h",
			"sourceTree": "SOURCE_ROOT"
		},
		"EADF8E54-23F9-419B-9C30-46BFBDD08BF1": {
			"explicitFileType": "sourcecode.c.h",
			"fileEncoding": "4",
			"isa": "PBXFileReference",
			"name": "types.h",
			"path": "../../addons/ofxAssimpModelLoader/libs/assimp/include/assimp/types.h",
			"sourceTree": "SOURCE_ROOT"
		},
		"ECAC56A3-C658-443A-915F-048E840DC807": {
			"explicitFileType": "sourcecode.c.h",
			"fileEncoding": "4",
			"isa": "PBXFileReference",
			"name": "Base64.hpp",
			"path": "../../addons/ofxAssimpModelLoader/libs/assimp/include/assimp/Base64.hpp",
			"sourceTree": "SOURCE_ROOT"
		},
		"ED2F2079-F77B-4326-BC65-ED72F5812F00": {
			"explicitFileType": "sourcecode.c.h",
			"fileEncoding": "4",
			"isa": "PBXFileReference",
			"name": "Macros.h",
			"path": "src/opengl/Macros.h",
			"sourceTree": "SOURCE_ROOT"
		},
		"EDBC74FB-680D-4F9C-BA2D-3A582F2698EA": {
			"children": [
				"C8314122-9B3B-458C-B457-782AA7ECAB8E",
				"AD7FA0F9-8379-4FB0-97A5-4F9859E86CF2"
			],
			"isa": "PBXGroup",
			"name": "extras",
			"sourceTree": "SOURCE_ROOT"
		},
		"EDF7CF5A-98AE-44C9-A346-CF2877234756": {
			"explicitFileType": "sourcecode.c.h",
			"fileEncoding": "4",
			"isa": "PBXFileReference",
			"name": "ofxGui.h",
			"path": "../../addons/ofxGui/src/ofxGui.h",
			"sourceTree": "SOURCE_ROOT"
		},
		"EE61C043-6C12-48D9-B3F0-7F122F575E61": {
			"fileRef": "90E70979-CC9B-4091-947B-98E153B72EDF",
			"isa": "PBXBuildFile"
		},
		"EE819375-8382-45C9-8C87-38A0DBF40398": {
			"explicitFileType": "sourcecode.cpp.cpp",
			"fileEncoding": "4",
			"isa": "PBXFileReference",
			"name": "ofxAssimpMeshHelper.cpp",
			"path": "../../addons/ofxAssimpModelLoader/src/ofxAssimpMeshHelper.cpp",
			"sourceTree": "SOURCE_ROOT"
		},
		"EE9AC9E6-7438-4109-8B69-CF8357E10CC9": {
			"explicitFileType": "sourcecode.c.h",
			"fileEncoding": "4",
			"isa": "PBXFileReference",
			"name": "matrix4x4.h",
			"path": "../../addons/ofxAssimpModelLoader/libs/assimp/include/assimp/matrix4x4.h",
			"sourceTree": "SOURCE_ROOT"
		},
		"EEFD6BE9-CACA-4903-B342-1D057FFFEBF4": {
			"explicitFileType": "sourcecode.c.h",
			"fileEncoding": "4",
			"isa": "PBXFileReference",
			"name": "GenericProperty.h",
			"path": "../../addons/ofxAssimpModelLoader/libs/assimp/include/assimp/GenericProperty.h",
			"sourceTree": "SOURCE_ROOT"
		},
		"F1B2B45D-8B87-4335-AE63-39FFCE5B58F6": {
			"explicitFileType": "sourcecode.c.h",
			"fileEncoding": "4",
			"isa": "PBXFileReference",
			"name": "ImHelpers.h",
			"path": "../../addons/ofxImGui/src/ImHelpers.h",
			"sourceTree": "SOURCE_ROOT"
		},
		"F34555B5-9209-4C63-9397-AF5F22AA4F28": {
			"fileRef": "C8314122-9B3B-458C-B457-782AA7ECAB8E",
			"isa": "PBXBuildFile"
		},
		"F3966F09-B5DA-42DA-B267-39DE545D49F5": {
			"explicitFileType": "sourcecode.cpp.cpp",
			"fileEncoding": "4",
			"isa": "PBXFileReference",
			"name": "BaseEngine.cpp",
			"path": "../../addons/ofxImGui/src/BaseEngine.cpp",
			"sourceTree": "SOURCE_ROOT"
		},
		"F44B17B7-AFE7-4AEF-AB48-E5D19334B4C0": {
			"explicitFileType": "sourcecode.c.h",
			"fileEncoding": "4",
			"isa": "PBXFileReference",
			"name": "DefaultTheme.h",
			"path": "../../addons/ofxImGui/src/DefaultTheme.h",
			"sourceTree": "SOURCE_ROOT"
		},
		"F63FDC2B-E252-4155-AB85-BC6631D6C1A6": {
			"explicitFileType": "sourcecode.c.h",
			"fileEncoding": "4",
			"isa": "PBXFileReference",
			"name": "imgui_impl_glfw.h",
			"path": "../../addons/ofxImGui/libs/imgui/backends/imgui_impl_glfw.h",
			"sourceTree": "SOURCE_ROOT"
		},
		"F6B856FB-5FE0-4121-A22A-EC0E01DBA7DF": {
			"explicitFileType": "sourcecode.cpp.cpp",
			"fileEncoding": "4",
			"isa": "PBXFileReference",
			"name": "ofxButton.cpp",
			"path": "../../addons/ofxGui/src/ofxButton.cpp",
			"sourceTree": "SOURCE_ROOT"
		},
		"F6ED4E25-979E-491A-992B-29FBD863B177": {
			"explicitFileType": "sourcecode.c.h",
			"fileEncoding": "4",
			"isa": "PBXFileReference",
			"name": "imstb_textedit.h",
			"path": "../../addons/ofxImGui/libs/imgui/src/imstb_textedit.h",
			"sourceTree": "SOURCE_ROOT"
		},
		"F7597145-9659-46FB-95AC-7725492E9EC9": {
			"explicitFileType": "sourcecode.c.h",
			"fileEncoding": "4",
			"isa": "PBXFileReference",
			"name": "BundledAssetIOSystem.h",
			"path": "../../addons/ofxAssimpModelLoader/libs/assimp/include/assimp/port/AndroidJNI/BundledAssetIOSystem.h",
			"sourceTree": "SOURCE_ROOT"
		},
		"F7A5F55A-927F-4BAC-871C-466B4B037730": {
			"explicitFileType": "sourcecode.c.h",
			"fileEncoding": "4",
			"isa": "PBXFileReference",
			"name": "imconfig.h",
			"path": "../../addons/ofxImGui/src/imconfig.h",
			"sourceTree": "SOURCE_ROOT"
		},
		"FBDF3159-A42B-499A-BC6F-5DDB730A9AC5": {
			"explicitFileType": "sourcecode.c.h",
			"fileEncoding": "4",
			"isa": "PBXFileReference",
			"name": "XmlParser.h",
			"path": "../../addons/ofxAssimpModelLoader/libs/assimp/include/assimp/XmlParser.h",
			"sourceTree": "SOURCE_ROOT"
		},
		"FC7F4A24-8B1B-4607-86B9-66D3CAABD384": {
			"explicitFileType": "sourcecode.c.h",
			"fileEncoding": "4",
			"isa": "PBXFileReference",
			"name": "mesh.h",
			"path": "../../addons/ofxAssimpModelLoader/libs/assimp/include/assimp/mesh.h",
			"sourceTree": "SOURCE_ROOT"
		},
		"FD3E45E4-A6BC-4F5A-A9CA-F876FC3F8737": {
			"fileRef": "9F63ABB0-BFA2-4A4A-9EC5-7BA86B4B2EAC",
			"isa": "PBXBuildFile"
		},
		"FD4126B4-8873-4EC6-991E-66842C9CADE9": {
			"children": [
				"ECAC56A3-C658-443A-915F-048E840DC807",
				"BA117502-9ADC-4C96-B809-06C9B9836BF2",
				"346014FC-C278-4FFA-A0D9-8F5BF6F89187",
				"2ED100CE-8187-4A5F-AC6D-846DD8F8E5EE",
				"EAD5CE36-EAAC-4DA2-81B4-B2D0EB0D7E53",
				"DF6AE8B1-D8EB-4BC7-96B6-6C85F99E4877",
				"E2693E4E-96BC-4280-BD3F-D60B167BC1BA",
				"ABB386D2-C5CB-4F4C-9206-1343019D56BE",
				"B1286051-F810-4C25-813D-2E3067B235C3",
				"71F97755-AB8B-4E8C-BC1E-C31C44864FAA",
				"B7274CFD-F5D9-447D-BA34-B113E715A21B",
				"C6CB6753-6A62-4C19-9B5F-20F68C41C303",
				"3CCC0C93-05F6-4AF6-96B0-90C33B6C02A9",
				"EEFD6BE9-CACA-4903-B342-1D057FFFEBF4",
				"0DAE0293-9606-4F1F-8568-06C87213AB7F",
				"A129797E-AA36-4431-ACB9-18D6C705C6A6",
				"DFD99A97-F284-4A2B-A190-3E58D47FC7C7",
				"797D3161-BBC7-43E3-A488-D76A9FA67036",
				"7829E144-7816-47D7-BE07-9A17C90FED57",
				"381516D0-7729-4F18-AED5-BD0721AE0F77",
				"DA2D5F25-1EEF-49FF-BE84-872994131BA1",
				"B73EAE43-168B-4884-B6B5-D272C0D22105",
				"DC5B2DFD-0982-402C-AF7D-8C2BF2892A26",
				"66618FA8-EE4F-447F-BE13-73229F4A45B2",
				"0A7B36D4-3A68-404A-9970-B87CC1A68245",
				"BBDF2AA7-3902-457C-93D5-43FDBF7AAB06",
				"D5F80C33-AA23-4F72-B0F1-88F21F4A3989",
				"BEE80CAE-B357-4231-9172-1D08F308EA35",
				"E09BC2FD-E26C-4F1B-BAF2-0C7B0B7B7C1C",
				"7F8886F8-A53F-47B0-B93C-4A6B213723BA",
				"D2D6EB5F-1BB8-4478-849C-5A9B2AA85CA9",
				"83FFE1C1-ADD7-4A62-97A9-A026F5A721AF",
				"5A7606FD-366E-4AB7-ADDA-3BDD18376482",
				"3A2290EF-51D8-402D-BA3D-C18F8DFE32E9",
				"9F653C96-3DD6-4D9A-B54E-576E1FAF393B",
				"B15E1612-282E-472A-9F9A-A20A7858A486",
				"573EA23B-A359-49E3-AC26-753DB297BDF3",
				"4668C296-3ACD-4125-9286-D76FD9A0F7F5",
				"34D5D323-BC3C-4427-B58F-C0E46B4C8D1A",
				"80FD2A4D-59FF-4631-AB99-FBB3ADB1DDE4",
				"764FBEBF-8F15-4603-BE41-FBF19511AED9",
				"660C2D26-3CD0-4266-94D5-092A692F4572",
				"47C2E9B5-99E9-44CB-9542-BC75D538B6BC",
				"2185415C-C937-484A-91CD-9264AE662487",
				"DD01DB19-23C7-4488-865C-0B4B5A94D2E5",
				"5DE68BFE-61D3-4182-8D42-110F34F5B426",
				"07C98EAC-73A8-4702-A142-8F2171F9B9E6",
				"FBDF3159-A42B-499A-BC6F-5DDB730A9AC5",
				"5F61ACEA-E041-4979-8DC5-4789AED59695",
				"A126E577-CA2E-4AC4-9CB1-A2E66322E2C6",
				"2AF9AC7F-D494-42F8-BF54-46C509EC1E0C",
				"42227921-31BE-4104-B794-9AF8CEF96FA1",
				"4A2D5597-90F4-4AA1-A9A9-5A50361A5BEE",
				"6DF45EF1-750D-4B17-9B7C-F03098F331B7",
				"3C3C2722-5D25-479B-A8C1-CE99B317465B",
				"D71E80B4-7F35-4D99-B1F2-80768D86B6F0",
				"3D701767-77D8-4412-B10D-4B01F21ED8DD",
				"525288A3-4E08-44CC-838F-76657A225F32",
				"765C6E7B-AA63-459D-9442-79763CDA3D3D",
				"62312145-5C46-440C-A2DB-5FBDBED9F0A9",
				"06A32174-6C07-4AAF-B377-EBE5F8B44A19",
				"DEE5EA42-DD0F-4304-88FD-9F5D49EC7B75",
				"C4D6D59B-AA47-4F65-B55A-2B9E708884A2",
				"465535BC-A371-4F58-A47D-EBCCB897422C",
				"BBDFBB12-BEB4-4BD5-BDF0-DE8ED6ADA2B0",
				"EE9AC9E6-7438-4109-8B69-CF8357E10CC9",
				"FC7F4A24-8B1B-4607-86B9-66D3CAABD384",
				"43FDAB38-D51E-486E-AFDF-09B741E603D6",
				"D860B8CC-B371-40A7-869B-10000BB6612B",
				"712FC4E7-0A50-4C8A-B195-5419490341EA",
				"D05FD659-F0FB-4B98-8BB4-F71E92DEAE42",
				"4FD34F51-F252-41C8-81F8-5A19043C03A8",
				"20DD185D-C81E-4E0B-80BA-23A0F7236C7E",
				"97198274-105D-4C56-8F5A-A5B4C2DA0BD8",
				"5F211E18-5F2C-40BA-98A0-8D4DE4A32F46",
				"EADF8E54-23F9-419B-9C30-46BFBDD08BF1",
				"C930D72C-DD01-4AFE-BEBE-3034581FA345",
				"DA116EAF-9F7A-4919-A2AC-0ADA330F2521",
				"B7D34FEE-71A4-4CC7-88EA-646C04BD1C37"
			],
			"isa": "PBXGroup",
			"name": "assimp",
			"sourceTree": "SOURCE_ROOT"
		},
		"FE3539F8-FDC7-4F8F-9D4D-F3C485FFC3C4": {
			"explicitFileType": "sourcecode.c.h",
			"fileEncoding": "4",
			"isa": "PBXFileReference",
			"name": "ofxAssimpMeshHelper.h",
			"path": "../../addons/ofxAssimpModelLoader/src/ofxAssimpMeshHelper.h",
			"sourceTree": "SOURCE_ROOT"
		},
		"FE3851C1-D5AB-45CC-A6F3-D0B228C90D2A": {
			"fileRef": "7B0FBA48-73D4-44B8-ABEF-BDF6B9AD9B88",
			"isa": "PBXBuildFile"
		},
		"FFB69A78-4EC9-4F13-91A1-D6E549793BB8": {
			"explicitFileType": "sourcecode.c.h",
			"fileEncoding": "4",
			"isa": "PBXFileReference",
			"name": "EngineOpenGLES.h",
			"path": "../../addons/ofxImGui/src/EngineOpenGLES.h",
			"sourceTree": "SOURCE_ROOT"
		}
	},
	"openFrameworksProjectGeneratorVersion": "21",
	"rootObject": "E4B69B4C0A3A1720003C02F2"
}